
Microsoft Visual Studio Solution File, Format Version 12.00
# Visual Studio 14
VisualStudioVersion = 14.0.24720.0
MinimumVisualStudioVersion = 10.0.40219.1
Project("{8BC9CEB8-8B4A-11D0-8D11-00A0C91BC942}") = "TVOFilter", "TVOFilter\TVOFilter.vcxproj", "{636F0A2E-58D4-4229-8DBA-4DE16A4F7BF7}"
EndProject
Project("{8BC9CEB8-8B4A-11D0-8D11-00A0C91BC942}") = "libDataLogging", "libDataLogging\libDataLogging.vcxproj", "{FD91FF87-CEED-4483-954F-F44F9EFF309E}"
EndProject
Project("{8BC9CEB8-8B4A-11D0-8D11-00A0C91BC942}") = "libLDF", "libLDF\libLDF.vcxproj", "{FC46C657-4F91-4497-9BC8-4ABA83B81F5E}"
EndProject
Project("{8BC9CEB8-8B4A-11D0-8D11-00A0C91BC942}") = "libds", "libds\libds.vcxproj", "{E48BBBCB-2E32-49FF-A2B8-64AA1EFB6470}"
EndProject
Project("{FAE04EC0-301F-11D3-BF4B-00C04F79EFBC}") = "customControls", "customControls\customControls.csproj", "{3C9F5B2E-52E1-47E0-BD44-7EC123334761}"
EndProject
Project("{FAE04EC0-301F-11D3-BF4B-00C04F79EFBC}") = "version_builder", "version_builder\version_builder.csproj", "{B715E9B9-97AB-4D70-AA76-83CE095C2D86}"
	ProjectSection(ProjectDependencies) = postProject
		{05EFD7EB-F0FB-4B65-8E4A-C8FF8DDC6A78} = {05EFD7EB-F0FB-4B65-8E4A-C8FF8DDC6A78}
	EndProjectSection
EndProject
Project("{FAE04EC0-301F-11D3-BF4B-00C04F79EFBC}") = "DashboardViewer", "DashboardViewer\DashboardViewer.csproj", "{A159D616-172B-4C6D-AB71-A2E39A760862}"
EndProject
Project("{FAE04EC0-301F-11D3-BF4B-00C04F79EFBC}") = "VideoDashboard", "VideoDashboard\VideoDashboard.csproj", "{0282883B-B064-4423-89B3-9184B97632CE}"
	ProjectSection(ProjectDependencies) = postProject
		{A159D616-172B-4C6D-AB71-A2E39A760862} = {A159D616-172B-4C6D-AB71-A2E39A760862}
		{636F0A2E-58D4-4229-8DBA-4DE16A4F7BF7} = {636F0A2E-58D4-4229-8DBA-4DE16A4F7BF7}
	EndProjectSection
EndProject
Project("{FAE04EC0-301F-11D3-BF4B-00C04F79EFBC}") = "LicenseManager", "LicenseManager\LicenseManager.csproj", "{F6B37A90-4EB2-4D96-A65C-56692C73EE14}"
EndProject
Project("{FAE04EC0-301F-11D3-BF4B-00C04F79EFBC}") = "Rhino.Licensing", "Rhino.Licensing\Rhino.Licensing.csproj", "{05EFD7EB-F0FB-4B65-8E4A-C8FF8DDC6A78}"
EndProject
Project("{2150E333-8FDC-42A3-9474-1A3956D46DE8}") = "Solution Items", "Solution Items", "{95B38824-3948-4432-A5FB-3410460E1CC1}"
	ProjectSection(SolutionItems) = preProject
		VERSION = VERSION
	EndProjectSection
EndProject
Project("{2150E333-8FDC-42A3-9474-1A3956D46DE8}") = "Deploy", "Deploy", "{02723CBA-5F3A-4BA7-8A4E-782744B0799D}"
	ProjectSection(SolutionItems) = preProject
		Resources\_MERGE.BAT = Resources\_MERGE.BAT
		Resources\_OBFUSCATE.bat = Resources\_OBFUSCATE.bat
		Resources\obfus.prj = Resources\obfus.prj
	EndProjectSection
EndProject
Project("{8BC9CEB8-8B4A-11D0-8D11-00A0C91BC942}") = "register_filter", "register_filter\register_filter.vcxproj", "{574B08CE-CCB9-4DF1-AD61-8CDABBB28CA2}"
EndProject
Project("{930C7802-8A8C-48F9-8165-68863BCCD9DD}") = "SetupProject", "SetupProject\SetupProject.wixproj", "{FDDCBA31-1C6A-4894-B03A-02A141A0DF8A}"
EndProject
Project("{8BC9CEB8-8B4A-11D0-8D11-00A0C91BC942}") = "LiveDash", "LiveDash\LiveDash.vcxproj", "{F8CC61F7-4413-4A0D-B9AC-2B75CFD69A55}"
	ProjectSection(ProjectDependencies) = postProject
		{FC46C657-4F91-4497-9BC8-4ABA83B81F5E} = {FC46C657-4F91-4497-9BC8-4ABA83B81F5E}
	EndProjectSection
EndProject
Project("{8BC9CEB8-8B4A-11D0-8D11-00A0C91BC942}") = "liboga", "liboga\liboga.vcxproj", "{11556771-E43D-4E25-AFE0-590C9D414FD7}"
EndProject
Project("{8BC9CEB8-8B4A-11D0-8D11-00A0C91BC942}") = "UnitTest", "UnitTest\UnitTest.vcxproj", "{D1DC88AF-A878-4519-B7DA-BAF37A1384D1}"
EndProject
Project("{8BC9CEB8-8B4A-11D0-8D11-00A0C91BC942}") = "memgr", "memgr\memgr.vcxproj", "{E179A63B-59CE-4CD2-ACD1-561F924615C9}"
EndProject
Project("{8BC9CEB8-8B4A-11D0-8D11-00A0C91BC942}") = "libds2", "libds2\libds2.vcxproj", "{71E81620-9DA2-4520-8465-0A7805437E2C}"
EndProject
Global
	GlobalSection(SolutionConfigurationPlatforms) = preSolution
		Debug_MBCS|Any CPU = Debug_MBCS|Any CPU
		Debug_MBCS|Mixed Platforms = Debug_MBCS|Mixed Platforms
		Debug_MBCS|Win32 = Debug_MBCS|Win32
		Debug_MBCS|x64 = Debug_MBCS|x64
		Debug_MBCS|x86 = Debug_MBCS|x86
		Debug|Any CPU = Debug|Any CPU
		Debug|Mixed Platforms = Debug|Mixed Platforms
		Debug|Win32 = Debug|Win32
		Debug|x64 = Debug|x64
		Debug|x86 = Debug|x86
		Release_MBCS|Any CPU = Release_MBCS|Any CPU
		Release_MBCS|Mixed Platforms = Release_MBCS|Mixed Platforms
		Release_MBCS|Win32 = Release_MBCS|Win32
		Release_MBCS|x64 = Release_MBCS|x64
		Release_MBCS|x86 = Release_MBCS|x86
		Release|Any CPU = Release|Any CPU
		Release|Mixed Platforms = Release|Mixed Platforms
		Release|Win32 = Release|Win32
		Release|x64 = Release|x64
		Release|x86 = Release|x86
		Static_Test|Any CPU = Static_Test|Any CPU
		Static_Test|Mixed Platforms = Static_Test|Mixed Platforms
		Static_Test|Win32 = Static_Test|Win32
		Static_Test|x64 = Static_Test|x64
		Static_Test|x86 = Static_Test|x86
	EndGlobalSection
	GlobalSection(ProjectConfigurationPlatforms) = postSolution
		{636F0A2E-58D4-4229-8DBA-4DE16A4F7BF7}.Debug_MBCS|Any CPU.ActiveCfg = Debug|Win32
		{636F0A2E-58D4-4229-8DBA-4DE16A4F7BF7}.Debug_MBCS|Mixed Platforms.ActiveCfg = Debug|Win32
		{636F0A2E-58D4-4229-8DBA-4DE16A4F7BF7}.Debug_MBCS|Mixed Platforms.Build.0 = Debug|Win32
		{636F0A2E-58D4-4229-8DBA-4DE16A4F7BF7}.Debug_MBCS|Win32.ActiveCfg = Debug|Win32
		{636F0A2E-58D4-4229-8DBA-4DE16A4F7BF7}.Debug_MBCS|Win32.Build.0 = Debug|Win32
		{636F0A2E-58D4-4229-8DBA-4DE16A4F7BF7}.Debug_MBCS|x64.ActiveCfg = Debug|Win32
		{636F0A2E-58D4-4229-8DBA-4DE16A4F7BF7}.Debug_MBCS|x86.ActiveCfg = Debug|Win32
		{636F0A2E-58D4-4229-8DBA-4DE16A4F7BF7}.Debug|Any CPU.ActiveCfg = Debug|Win32
		{636F0A2E-58D4-4229-8DBA-4DE16A4F7BF7}.Debug|Mixed Platforms.ActiveCfg = Debug|Win32
		{636F0A2E-58D4-4229-8DBA-4DE16A4F7BF7}.Debug|Mixed Platforms.Build.0 = Debug|Win32
		{636F0A2E-58D4-4229-8DBA-4DE16A4F7BF7}.Debug|Win32.ActiveCfg = Debug|Win32
		{636F0A2E-58D4-4229-8DBA-4DE16A4F7BF7}.Debug|Win32.Build.0 = Debug|Win32
		{636F0A2E-58D4-4229-8DBA-4DE16A4F7BF7}.Debug|x64.ActiveCfg = Debug|x64
		{636F0A2E-58D4-4229-8DBA-4DE16A4F7BF7}.Debug|x64.Build.0 = Debug|x64
		{636F0A2E-58D4-4229-8DBA-4DE16A4F7BF7}.Debug|x86.ActiveCfg = Debug|Win32
		{636F0A2E-58D4-4229-8DBA-4DE16A4F7BF7}.Debug|x86.Build.0 = Debug|Win32
		{636F0A2E-58D4-4229-8DBA-4DE16A4F7BF7}.Release_MBCS|Any CPU.ActiveCfg = Release|Win32
		{636F0A2E-58D4-4229-8DBA-4DE16A4F7BF7}.Release_MBCS|Mixed Platforms.ActiveCfg = Release|Win32
		{636F0A2E-58D4-4229-8DBA-4DE16A4F7BF7}.Release_MBCS|Mixed Platforms.Build.0 = Release|Win32
		{636F0A2E-58D4-4229-8DBA-4DE16A4F7BF7}.Release_MBCS|Win32.ActiveCfg = Release|Win32
		{636F0A2E-58D4-4229-8DBA-4DE16A4F7BF7}.Release_MBCS|Win32.Build.0 = Release|Win32
		{636F0A2E-58D4-4229-8DBA-4DE16A4F7BF7}.Release_MBCS|x64.ActiveCfg = Release|Win32
		{636F0A2E-58D4-4229-8DBA-4DE16A4F7BF7}.Release_MBCS|x86.ActiveCfg = Release|Win32
		{636F0A2E-58D4-4229-8DBA-4DE16A4F7BF7}.Release|Any CPU.ActiveCfg = Release|Win32
		{636F0A2E-58D4-4229-8DBA-4DE16A4F7BF7}.Release|Mixed Platforms.ActiveCfg = Release|Win32
		{636F0A2E-58D4-4229-8DBA-4DE16A4F7BF7}.Release|Mixed Platforms.Build.0 = Release|Win32
		{636F0A2E-58D4-4229-8DBA-4DE16A4F7BF7}.Release|Win32.ActiveCfg = Release|Win32
		{636F0A2E-58D4-4229-8DBA-4DE16A4F7BF7}.Release|Win32.Build.0 = Release|Win32
		{636F0A2E-58D4-4229-8DBA-4DE16A4F7BF7}.Release|x64.ActiveCfg = Release|x64
		{636F0A2E-58D4-4229-8DBA-4DE16A4F7BF7}.Release|x64.Build.0 = Release|x64
		{636F0A2E-58D4-4229-8DBA-4DE16A4F7BF7}.Release|x86.ActiveCfg = Release|Win32
		{636F0A2E-58D4-4229-8DBA-4DE16A4F7BF7}.Release|x86.Build.0 = Release|Win32
		{636F0A2E-58D4-4229-8DBA-4DE16A4F7BF7}.Static_Test|Any CPU.ActiveCfg = Static_Test|Win32
		{636F0A2E-58D4-4229-8DBA-4DE16A4F7BF7}.Static_Test|Mixed Platforms.ActiveCfg = Static_Test|Win32
		{636F0A2E-58D4-4229-8DBA-4DE16A4F7BF7}.Static_Test|Mixed Platforms.Build.0 = Static_Test|Win32
		{636F0A2E-58D4-4229-8DBA-4DE16A4F7BF7}.Static_Test|Win32.ActiveCfg = Static_Test|Win32
		{636F0A2E-58D4-4229-8DBA-4DE16A4F7BF7}.Static_Test|Win32.Build.0 = Static_Test|Win32
		{636F0A2E-58D4-4229-8DBA-4DE16A4F7BF7}.Static_Test|x64.ActiveCfg = Static_Test|x64
		{636F0A2E-58D4-4229-8DBA-4DE16A4F7BF7}.Static_Test|x64.Build.0 = Static_Test|x64
		{636F0A2E-58D4-4229-8DBA-4DE16A4F7BF7}.Static_Test|x86.ActiveCfg = Static_Test|Win32
		{636F0A2E-58D4-4229-8DBA-4DE16A4F7BF7}.Static_Test|x86.Build.0 = Static_Test|Win32
		{FD91FF87-CEED-4483-954F-F44F9EFF309E}.Debug_MBCS|Any CPU.ActiveCfg = Debug|Win32
		{FD91FF87-CEED-4483-954F-F44F9EFF309E}.Debug_MBCS|Mixed Platforms.ActiveCfg = Debug|Win32
		{FD91FF87-CEED-4483-954F-F44F9EFF309E}.Debug_MBCS|Mixed Platforms.Build.0 = Debug|Win32
		{FD91FF87-CEED-4483-954F-F44F9EFF309E}.Debug_MBCS|Win32.ActiveCfg = Debug|Win32
		{FD91FF87-CEED-4483-954F-F44F9EFF309E}.Debug_MBCS|Win32.Build.0 = Debug|Win32
		{FD91FF87-CEED-4483-954F-F44F9EFF309E}.Debug_MBCS|x64.ActiveCfg = Debug|Win32
		{FD91FF87-CEED-4483-954F-F44F9EFF309E}.Debug_MBCS|x86.ActiveCfg = Debug|Win32
		{FD91FF87-CEED-4483-954F-F44F9EFF309E}.Debug|Any CPU.ActiveCfg = Debug|Win32
		{FD91FF87-CEED-4483-954F-F44F9EFF309E}.Debug|Mixed Platforms.ActiveCfg = Debug|Win32
		{FD91FF87-CEED-4483-954F-F44F9EFF309E}.Debug|Mixed Platforms.Build.0 = Debug|Win32
		{FD91FF87-CEED-4483-954F-F44F9EFF309E}.Debug|Win32.ActiveCfg = Debug|Win32
		{FD91FF87-CEED-4483-954F-F44F9EFF309E}.Debug|Win32.Build.0 = Debug|Win32
		{FD91FF87-CEED-4483-954F-F44F9EFF309E}.Debug|x64.ActiveCfg = Debug|x64
		{FD91FF87-CEED-4483-954F-F44F9EFF309E}.Debug|x64.Build.0 = Debug|x64
		{FD91FF87-CEED-4483-954F-F44F9EFF309E}.Debug|x86.ActiveCfg = Debug|Win32
		{FD91FF87-CEED-4483-954F-F44F9EFF309E}.Debug|x86.Build.0 = Debug|Win32
		{FD91FF87-CEED-4483-954F-F44F9EFF309E}.Release_MBCS|Any CPU.ActiveCfg = Release|Win32
		{FD91FF87-CEED-4483-954F-F44F9EFF309E}.Release_MBCS|Mixed Platforms.ActiveCfg = Release|Win32
		{FD91FF87-CEED-4483-954F-F44F9EFF309E}.Release_MBCS|Mixed Platforms.Build.0 = Release|Win32
		{FD91FF87-CEED-4483-954F-F44F9EFF309E}.Release_MBCS|Win32.ActiveCfg = Release|Win32
		{FD91FF87-CEED-4483-954F-F44F9EFF309E}.Release_MBCS|Win32.Build.0 = Release|Win32
		{FD91FF87-CEED-4483-954F-F44F9EFF309E}.Release_MBCS|x64.ActiveCfg = Release|Win32
		{FD91FF87-CEED-4483-954F-F44F9EFF309E}.Release_MBCS|x86.ActiveCfg = Release|Win32
		{FD91FF87-CEED-4483-954F-F44F9EFF309E}.Release|Any CPU.ActiveCfg = Release|Win32
		{FD91FF87-CEED-4483-954F-F44F9EFF309E}.Release|Mixed Platforms.ActiveCfg = Release|Win32
		{FD91FF87-CEED-4483-954F-F44F9EFF309E}.Release|Mixed Platforms.Build.0 = Release|Win32
		{FD91FF87-CEED-4483-954F-F44F9EFF309E}.Release|Win32.ActiveCfg = Release|Win32
		{FD91FF87-CEED-4483-954F-F44F9EFF309E}.Release|Win32.Build.0 = Release|Win32
		{FD91FF87-CEED-4483-954F-F44F9EFF309E}.Release|x64.ActiveCfg = Release|x64
		{FD91FF87-CEED-4483-954F-F44F9EFF309E}.Release|x64.Build.0 = Release|x64
		{FD91FF87-CEED-4483-954F-F44F9EFF309E}.Release|x86.ActiveCfg = Release|Win32
		{FD91FF87-CEED-4483-954F-F44F9EFF309E}.Release|x86.Build.0 = Release|Win32
		{FD91FF87-CEED-4483-954F-F44F9EFF309E}.Static_Test|Any CPU.ActiveCfg = Static_Test|Win32
		{FD91FF87-CEED-4483-954F-F44F9EFF309E}.Static_Test|Mixed Platforms.ActiveCfg = Static_Test|Win32
		{FD91FF87-CEED-4483-954F-F44F9EFF309E}.Static_Test|Mixed Platforms.Build.0 = Static_Test|Win32
		{FD91FF87-CEED-4483-954F-F44F9EFF309E}.Static_Test|Win32.ActiveCfg = Static_Test|Win32
		{FD91FF87-CEED-4483-954F-F44F9EFF309E}.Static_Test|Win32.Build.0 = Static_Test|Win32
		{FD91FF87-CEED-4483-954F-F44F9EFF309E}.Static_Test|x64.ActiveCfg = Static_Test|x64
		{FD91FF87-CEED-4483-954F-F44F9EFF309E}.Static_Test|x64.Build.0 = Static_Test|x64
		{FD91FF87-CEED-4483-954F-F44F9EFF309E}.Static_Test|x86.ActiveCfg = Static_Test|Win32
		{FD91FF87-CEED-4483-954F-F44F9EFF309E}.Static_Test|x86.Build.0 = Static_Test|Win32
		{FC46C657-4F91-4497-9BC8-4ABA83B81F5E}.Debug_MBCS|Any CPU.ActiveCfg = Debug|Win32
		{FC46C657-4F91-4497-9BC8-4ABA83B81F5E}.Debug_MBCS|Mixed Platforms.ActiveCfg = Debug|Win32
		{FC46C657-4F91-4497-9BC8-4ABA83B81F5E}.Debug_MBCS|Mixed Platforms.Build.0 = Debug|Win32
		{FC46C657-4F91-4497-9BC8-4ABA83B81F5E}.Debug_MBCS|Win32.ActiveCfg = Debug|Win32
		{FC46C657-4F91-4497-9BC8-4ABA83B81F5E}.Debug_MBCS|Win32.Build.0 = Debug|Win32
		{FC46C657-4F91-4497-9BC8-4ABA83B81F5E}.Debug_MBCS|x64.ActiveCfg = Debug|Win32
		{FC46C657-4F91-4497-9BC8-4ABA83B81F5E}.Debug_MBCS|x86.ActiveCfg = Debug|Win32
		{FC46C657-4F91-4497-9BC8-4ABA83B81F5E}.Debug|Any CPU.ActiveCfg = Debug|Win32
		{FC46C657-4F91-4497-9BC8-4ABA83B81F5E}.Debug|Mixed Platforms.ActiveCfg = Debug|Win32
		{FC46C657-4F91-4497-9BC8-4ABA83B81F5E}.Debug|Mixed Platforms.Build.0 = Debug|Win32
		{FC46C657-4F91-4497-9BC8-4ABA83B81F5E}.Debug|Win32.ActiveCfg = Debug|Win32
		{FC46C657-4F91-4497-9BC8-4ABA83B81F5E}.Debug|Win32.Build.0 = Debug|Win32
		{FC46C657-4F91-4497-9BC8-4ABA83B81F5E}.Debug|x64.ActiveCfg = Debug|x64
		{FC46C657-4F91-4497-9BC8-4ABA83B81F5E}.Debug|x64.Build.0 = Debug|x64
		{FC46C657-4F91-4497-9BC8-4ABA83B81F5E}.Debug|x86.ActiveCfg = Debug|Win32
		{FC46C657-4F91-4497-9BC8-4ABA83B81F5E}.Debug|x86.Build.0 = Debug|Win32
		{FC46C657-4F91-4497-9BC8-4ABA83B81F5E}.Release_MBCS|Any CPU.ActiveCfg = Release|Win32
		{FC46C657-4F91-4497-9BC8-4ABA83B81F5E}.Release_MBCS|Mixed Platforms.ActiveCfg = Release|Win32
		{FC46C657-4F91-4497-9BC8-4ABA83B81F5E}.Release_MBCS|Mixed Platforms.Build.0 = Release|Win32
		{FC46C657-4F91-4497-9BC8-4ABA83B81F5E}.Release_MBCS|Win32.ActiveCfg = Release|Win32
		{FC46C657-4F91-4497-9BC8-4ABA83B81F5E}.Release_MBCS|Win32.Build.0 = Release|Win32
		{FC46C657-4F91-4497-9BC8-4ABA83B81F5E}.Release_MBCS|x64.ActiveCfg = Release|Win32
		{FC46C657-4F91-4497-9BC8-4ABA83B81F5E}.Release_MBCS|x86.ActiveCfg = Release|Win32
		{FC46C657-4F91-4497-9BC8-4ABA83B81F5E}.Release|Any CPU.ActiveCfg = Release|Win32
		{FC46C657-4F91-4497-9BC8-4ABA83B81F5E}.Release|Mixed Platforms.ActiveCfg = Release|Win32
		{FC46C657-4F91-4497-9BC8-4ABA83B81F5E}.Release|Mixed Platforms.Build.0 = Release|Win32
		{FC46C657-4F91-4497-9BC8-4ABA83B81F5E}.Release|Win32.ActiveCfg = Release|Win32
		{FC46C657-4F91-4497-9BC8-4ABA83B81F5E}.Release|Win32.Build.0 = Release|Win32
		{FC46C657-4F91-4497-9BC8-4ABA83B81F5E}.Release|x64.ActiveCfg = Release|x64
		{FC46C657-4F91-4497-9BC8-4ABA83B81F5E}.Release|x64.Build.0 = Release|x64
		{FC46C657-4F91-4497-9BC8-4ABA83B81F5E}.Release|x86.ActiveCfg = Release|Win32
		{FC46C657-4F91-4497-9BC8-4ABA83B81F5E}.Release|x86.Build.0 = Release|Win32
		{FC46C657-4F91-4497-9BC8-4ABA83B81F5E}.Static_Test|Any CPU.ActiveCfg = Static_Test|Win32
		{FC46C657-4F91-4497-9BC8-4ABA83B81F5E}.Static_Test|Mixed Platforms.ActiveCfg = Static_Test|Win32
		{FC46C657-4F91-4497-9BC8-4ABA83B81F5E}.Static_Test|Mixed Platforms.Build.0 = Static_Test|Win32
		{FC46C657-4F91-4497-9BC8-4ABA83B81F5E}.Static_Test|Win32.ActiveCfg = Static_Test|Win32
		{FC46C657-4F91-4497-9BC8-4ABA83B81F5E}.Static_Test|Win32.Build.0 = Static_Test|Win32
		{FC46C657-4F91-4497-9BC8-4ABA83B81F5E}.Static_Test|x64.ActiveCfg = Static_Test|x64
		{FC46C657-4F91-4497-9BC8-4ABA83B81F5E}.Static_Test|x64.Build.0 = Static_Test|x64
		{FC46C657-4F91-4497-9BC8-4ABA83B81F5E}.Static_Test|x86.ActiveCfg = Static_Test|Win32
		{FC46C657-4F91-4497-9BC8-4ABA83B81F5E}.Static_Test|x86.Build.0 = Static_Test|Win32
		{E48BBBCB-2E32-49FF-A2B8-64AA1EFB6470}.Debug_MBCS|Any CPU.ActiveCfg = Debug|Win32
		{E48BBBCB-2E32-49FF-A2B8-64AA1EFB6470}.Debug_MBCS|Mixed Platforms.ActiveCfg = Debug|Win32
		{E48BBBCB-2E32-49FF-A2B8-64AA1EFB6470}.Debug_MBCS|Mixed Platforms.Build.0 = Debug|Win32
		{E48BBBCB-2E32-49FF-A2B8-64AA1EFB6470}.Debug_MBCS|Win32.ActiveCfg = Debug|Win32
		{E48BBBCB-2E32-49FF-A2B8-64AA1EFB6470}.Debug_MBCS|Win32.Build.0 = Debug|Win32
		{E48BBBCB-2E32-49FF-A2B8-64AA1EFB6470}.Debug_MBCS|x64.ActiveCfg = Debug|Win32
		{E48BBBCB-2E32-49FF-A2B8-64AA1EFB6470}.Debug_MBCS|x86.ActiveCfg = Debug|Win32
		{E48BBBCB-2E32-49FF-A2B8-64AA1EFB6470}.Debug|Any CPU.ActiveCfg = Debug|Win32
		{E48BBBCB-2E32-49FF-A2B8-64AA1EFB6470}.Debug|Mixed Platforms.ActiveCfg = Debug|Win32
		{E48BBBCB-2E32-49FF-A2B8-64AA1EFB6470}.Debug|Mixed Platforms.Build.0 = Debug|Win32
		{E48BBBCB-2E32-49FF-A2B8-64AA1EFB6470}.Debug|Win32.ActiveCfg = Debug|Win32
		{E48BBBCB-2E32-49FF-A2B8-64AA1EFB6470}.Debug|Win32.Build.0 = Debug|Win32
		{E48BBBCB-2E32-49FF-A2B8-64AA1EFB6470}.Debug|x64.ActiveCfg = Debug|x64
		{E48BBBCB-2E32-49FF-A2B8-64AA1EFB6470}.Debug|x64.Build.0 = Debug|x64
		{E48BBBCB-2E32-49FF-A2B8-64AA1EFB6470}.Debug|x86.ActiveCfg = Debug|Win32
		{E48BBBCB-2E32-49FF-A2B8-64AA1EFB6470}.Debug|x86.Build.0 = Debug|Win32
		{E48BBBCB-2E32-49FF-A2B8-64AA1EFB6470}.Release_MBCS|Any CPU.ActiveCfg = Release|Win32
		{E48BBBCB-2E32-49FF-A2B8-64AA1EFB6470}.Release_MBCS|Mixed Platforms.ActiveCfg = Release|Win32
		{E48BBBCB-2E32-49FF-A2B8-64AA1EFB6470}.Release_MBCS|Mixed Platforms.Build.0 = Release|Win32
		{E48BBBCB-2E32-49FF-A2B8-64AA1EFB6470}.Release_MBCS|Win32.ActiveCfg = Release|Win32
		{E48BBBCB-2E32-49FF-A2B8-64AA1EFB6470}.Release_MBCS|Win32.Build.0 = Release|Win32
		{E48BBBCB-2E32-49FF-A2B8-64AA1EFB6470}.Release_MBCS|x64.ActiveCfg = Release|Win32
		{E48BBBCB-2E32-49FF-A2B8-64AA1EFB6470}.Release_MBCS|x86.ActiveCfg = Release|Win32
		{E48BBBCB-2E32-49FF-A2B8-64AA1EFB6470}.Release|Any CPU.ActiveCfg = Release|Win32
		{E48BBBCB-2E32-49FF-A2B8-64AA1EFB6470}.Release|Mixed Platforms.ActiveCfg = Release|Win32
		{E48BBBCB-2E32-49FF-A2B8-64AA1EFB6470}.Release|Mixed Platforms.Build.0 = Release|Win32
		{E48BBBCB-2E32-49FF-A2B8-64AA1EFB6470}.Release|Win32.ActiveCfg = Release|Win32
		{E48BBBCB-2E32-49FF-A2B8-64AA1EFB6470}.Release|Win32.Build.0 = Release|Win32
		{E48BBBCB-2E32-49FF-A2B8-64AA1EFB6470}.Release|x64.ActiveCfg = Release|x64
		{E48BBBCB-2E32-49FF-A2B8-64AA1EFB6470}.Release|x64.Build.0 = Release|x64
		{E48BBBCB-2E32-49FF-A2B8-64AA1EFB6470}.Release|x86.ActiveCfg = Release|Win32
		{E48BBBCB-2E32-49FF-A2B8-64AA1EFB6470}.Release|x86.Build.0 = Release|Win32
		{E48BBBCB-2E32-49FF-A2B8-64AA1EFB6470}.Static_Test|Any CPU.ActiveCfg = Release|x64
		{E48BBBCB-2E32-49FF-A2B8-64AA1EFB6470}.Static_Test|Any CPU.Build.0 = Release|x64
		{E48BBBCB-2E32-49FF-A2B8-64AA1EFB6470}.Static_Test|Mixed Platforms.ActiveCfg = Release|Win32
		{E48BBBCB-2E32-49FF-A2B8-64AA1EFB6470}.Static_Test|Mixed Platforms.Build.0 = Release|Win32
		{E48BBBCB-2E32-49FF-A2B8-64AA1EFB6470}.Static_Test|Win32.ActiveCfg = Release|Win32
		{E48BBBCB-2E32-49FF-A2B8-64AA1EFB6470}.Static_Test|Win32.Build.0 = Release|Win32
		{E48BBBCB-2E32-49FF-A2B8-64AA1EFB6470}.Static_Test|x64.ActiveCfg = Release|x64
		{E48BBBCB-2E32-49FF-A2B8-64AA1EFB6470}.Static_Test|x64.Build.0 = Release|x64
		{E48BBBCB-2E32-49FF-A2B8-64AA1EFB6470}.Static_Test|x86.ActiveCfg = Release|Win32
		{E48BBBCB-2E32-49FF-A2B8-64AA1EFB6470}.Static_Test|x86.Build.0 = Release|Win32
		{3C9F5B2E-52E1-47E0-BD44-7EC123334761}.Debug_MBCS|Any CPU.ActiveCfg = Debug|Any CPU
		{3C9F5B2E-52E1-47E0-BD44-7EC123334761}.Debug_MBCS|Any CPU.Build.0 = Debug|Any CPU
		{3C9F5B2E-52E1-47E0-BD44-7EC123334761}.Debug_MBCS|Mixed Platforms.ActiveCfg = Debug|x86
		{3C9F5B2E-52E1-47E0-BD44-7EC123334761}.Debug_MBCS|Mixed Platforms.Build.0 = Debug|x86
		{3C9F5B2E-52E1-47E0-BD44-7EC123334761}.Debug_MBCS|Win32.ActiveCfg = Debug|x86
		{3C9F5B2E-52E1-47E0-BD44-7EC123334761}.Debug_MBCS|Win32.Build.0 = Debug|x86
		{3C9F5B2E-52E1-47E0-BD44-7EC123334761}.Debug_MBCS|x64.ActiveCfg = Debug|Any CPU
		{3C9F5B2E-52E1-47E0-BD44-7EC123334761}.Debug_MBCS|x86.ActiveCfg = Debug|x86
		{3C9F5B2E-52E1-47E0-BD44-7EC123334761}.Debug_MBCS|x86.Build.0 = Debug|x86
		{3C9F5B2E-52E1-47E0-BD44-7EC123334761}.Debug|Any CPU.ActiveCfg = Debug|Any CPU
		{3C9F5B2E-52E1-47E0-BD44-7EC123334761}.Debug|Any CPU.Build.0 = Debug|Any CPU
		{3C9F5B2E-52E1-47E0-BD44-7EC123334761}.Debug|Mixed Platforms.ActiveCfg = Debug|x86
		{3C9F5B2E-52E1-47E0-BD44-7EC123334761}.Debug|Mixed Platforms.Build.0 = Debug|x86
		{3C9F5B2E-52E1-47E0-BD44-7EC123334761}.Debug|Win32.ActiveCfg = Debug|x86
		{3C9F5B2E-52E1-47E0-BD44-7EC123334761}.Debug|Win32.Build.0 = Debug|x86
		{3C9F5B2E-52E1-47E0-BD44-7EC123334761}.Debug|x64.ActiveCfg = Debug|x64
		{3C9F5B2E-52E1-47E0-BD44-7EC123334761}.Debug|x64.Build.0 = Debug|x64
		{3C9F5B2E-52E1-47E0-BD44-7EC123334761}.Debug|x86.ActiveCfg = Debug|x86
		{3C9F5B2E-52E1-47E0-BD44-7EC123334761}.Debug|x86.Build.0 = Debug|x86
		{3C9F5B2E-52E1-47E0-BD44-7EC123334761}.Release_MBCS|Any CPU.ActiveCfg = Release|Any CPU
		{3C9F5B2E-52E1-47E0-BD44-7EC123334761}.Release_MBCS|Any CPU.Build.0 = Release|Any CPU
		{3C9F5B2E-52E1-47E0-BD44-7EC123334761}.Release_MBCS|Mixed Platforms.ActiveCfg = Release|x86
		{3C9F5B2E-52E1-47E0-BD44-7EC123334761}.Release_MBCS|Mixed Platforms.Build.0 = Release|x86
		{3C9F5B2E-52E1-47E0-BD44-7EC123334761}.Release_MBCS|Win32.ActiveCfg = Release|x86
		{3C9F5B2E-52E1-47E0-BD44-7EC123334761}.Release_MBCS|Win32.Build.0 = Release|x86
		{3C9F5B2E-52E1-47E0-BD44-7EC123334761}.Release_MBCS|x64.ActiveCfg = Release|Any CPU
		{3C9F5B2E-52E1-47E0-BD44-7EC123334761}.Release_MBCS|x86.ActiveCfg = Release|x86
		{3C9F5B2E-52E1-47E0-BD44-7EC123334761}.Release_MBCS|x86.Build.0 = Release|x86
		{3C9F5B2E-52E1-47E0-BD44-7EC123334761}.Release|Any CPU.ActiveCfg = Release|Any CPU
		{3C9F5B2E-52E1-47E0-BD44-7EC123334761}.Release|Any CPU.Build.0 = Release|Any CPU
		{3C9F5B2E-52E1-47E0-BD44-7EC123334761}.Release|Mixed Platforms.ActiveCfg = Release|x86
		{3C9F5B2E-52E1-47E0-BD44-7EC123334761}.Release|Mixed Platforms.Build.0 = Release|x86
		{3C9F5B2E-52E1-47E0-BD44-7EC123334761}.Release|Win32.ActiveCfg = Release|x86
		{3C9F5B2E-52E1-47E0-BD44-7EC123334761}.Release|Win32.Build.0 = Release|x86
		{3C9F5B2E-52E1-47E0-BD44-7EC123334761}.Release|x64.ActiveCfg = Release|x64
		{3C9F5B2E-52E1-47E0-BD44-7EC123334761}.Release|x64.Build.0 = Release|x64
		{3C9F5B2E-52E1-47E0-BD44-7EC123334761}.Release|x86.ActiveCfg = Release|x86
		{3C9F5B2E-52E1-47E0-BD44-7EC123334761}.Release|x86.Build.0 = Release|x86
		{3C9F5B2E-52E1-47E0-BD44-7EC123334761}.Static_Test|Any CPU.ActiveCfg = Static_Test|Any CPU
		{3C9F5B2E-52E1-47E0-BD44-7EC123334761}.Static_Test|Any CPU.Build.0 = Static_Test|Any CPU
		{3C9F5B2E-52E1-47E0-BD44-7EC123334761}.Static_Test|Mixed Platforms.ActiveCfg = Static_Test|Any CPU
		{3C9F5B2E-52E1-47E0-BD44-7EC123334761}.Static_Test|Mixed Platforms.Build.0 = Static_Test|x86
		{3C9F5B2E-52E1-47E0-BD44-7EC123334761}.Static_Test|Win32.ActiveCfg = Static_Test|x86
		{3C9F5B2E-52E1-47E0-BD44-7EC123334761}.Static_Test|Win32.Build.0 = Static_Test|x86
		{3C9F5B2E-52E1-47E0-BD44-7EC123334761}.Static_Test|x64.ActiveCfg = Static_Test|x64
		{3C9F5B2E-52E1-47E0-BD44-7EC123334761}.Static_Test|x64.Build.0 = Static_Test|x64
		{3C9F5B2E-52E1-47E0-BD44-7EC123334761}.Static_Test|x86.ActiveCfg = Static_Test|x86
		{3C9F5B2E-52E1-47E0-BD44-7EC123334761}.Static_Test|x86.Build.0 = Static_Test|x86
		{B715E9B9-97AB-4D70-AA76-83CE095C2D86}.Debug_MBCS|Any CPU.ActiveCfg = Debug|Any CPU
		{B715E9B9-97AB-4D70-AA76-83CE095C2D86}.Debug_MBCS|Any CPU.Build.0 = Debug|Any CPU
		{B715E9B9-97AB-4D70-AA76-83CE095C2D86}.Debug_MBCS|Mixed Platforms.ActiveCfg = Debug|x86
		{B715E9B9-97AB-4D70-AA76-83CE095C2D86}.Debug_MBCS|Mixed Platforms.Build.0 = Debug|x86
		{B715E9B9-97AB-4D70-AA76-83CE095C2D86}.Debug_MBCS|Win32.ActiveCfg = Debug|x86
		{B715E9B9-97AB-4D70-AA76-83CE095C2D86}.Debug_MBCS|Win32.Build.0 = Debug|x86
		{B715E9B9-97AB-4D70-AA76-83CE095C2D86}.Debug_MBCS|x64.ActiveCfg = Debug|Any CPU
		{B715E9B9-97AB-4D70-AA76-83CE095C2D86}.Debug_MBCS|x86.ActiveCfg = Debug|Any CPU
		{B715E9B9-97AB-4D70-AA76-83CE095C2D86}.Debug|Any CPU.ActiveCfg = Debug|Any CPU
		{B715E9B9-97AB-4D70-AA76-83CE095C2D86}.Debug|Any CPU.Build.0 = Debug|Any CPU
		{B715E9B9-97AB-4D70-AA76-83CE095C2D86}.Debug|Mixed Platforms.ActiveCfg = Debug|x86
		{B715E9B9-97AB-4D70-AA76-83CE095C2D86}.Debug|Mixed Platforms.Build.0 = Debug|x86
		{B715E9B9-97AB-4D70-AA76-83CE095C2D86}.Debug|Win32.ActiveCfg = Debug|x86
		{B715E9B9-97AB-4D70-AA76-83CE095C2D86}.Debug|Win32.Build.0 = Debug|x86
		{B715E9B9-97AB-4D70-AA76-83CE095C2D86}.Debug|x64.ActiveCfg = Debug|Any CPU
		{B715E9B9-97AB-4D70-AA76-83CE095C2D86}.Debug|x64.Build.0 = Debug|Any CPU
		{B715E9B9-97AB-4D70-AA76-83CE095C2D86}.Debug|x86.ActiveCfg = Debug|x86
		{B715E9B9-97AB-4D70-AA76-83CE095C2D86}.Debug|x86.Build.0 = Debug|x86
		{B715E9B9-97AB-4D70-AA76-83CE095C2D86}.Release_MBCS|Any CPU.ActiveCfg = Release|Any CPU
		{B715E9B9-97AB-4D70-AA76-83CE095C2D86}.Release_MBCS|Any CPU.Build.0 = Release|Any CPU
		{B715E9B9-97AB-4D70-AA76-83CE095C2D86}.Release_MBCS|Mixed Platforms.ActiveCfg = Release|x86
		{B715E9B9-97AB-4D70-AA76-83CE095C2D86}.Release_MBCS|Mixed Platforms.Build.0 = Release|x86
		{B715E9B9-97AB-4D70-AA76-83CE095C2D86}.Release_MBCS|Win32.ActiveCfg = Release|x86
		{B715E9B9-97AB-4D70-AA76-83CE095C2D86}.Release_MBCS|Win32.Build.0 = Release|x86
		{B715E9B9-97AB-4D70-AA76-83CE095C2D86}.Release_MBCS|x64.ActiveCfg = Release|Any CPU
		{B715E9B9-97AB-4D70-AA76-83CE095C2D86}.Release_MBCS|x86.ActiveCfg = Release|Any CPU
		{B715E9B9-97AB-4D70-AA76-83CE095C2D86}.Release|Any CPU.ActiveCfg = Release|Any CPU
		{B715E9B9-97AB-4D70-AA76-83CE095C2D86}.Release|Any CPU.Build.0 = Release|Any CPU
		{B715E9B9-97AB-4D70-AA76-83CE095C2D86}.Release|Mixed Platforms.ActiveCfg = Release|x86
		{B715E9B9-97AB-4D70-AA76-83CE095C2D86}.Release|Mixed Platforms.Build.0 = Release|x86
		{B715E9B9-97AB-4D70-AA76-83CE095C2D86}.Release|Win32.ActiveCfg = Release|x86
		{B715E9B9-97AB-4D70-AA76-83CE095C2D86}.Release|Win32.Build.0 = Release|x86
		{B715E9B9-97AB-4D70-AA76-83CE095C2D86}.Release|x64.ActiveCfg = Release|Any CPU
		{B715E9B9-97AB-4D70-AA76-83CE095C2D86}.Release|x64.Build.0 = Release|Any CPU
		{B715E9B9-97AB-4D70-AA76-83CE095C2D86}.Release|x86.ActiveCfg = Release|Any CPU
		{B715E9B9-97AB-4D70-AA76-83CE095C2D86}.Release|x86.Build.0 = Release|Any CPU
		{B715E9B9-97AB-4D70-AA76-83CE095C2D86}.Static_Test|Any CPU.ActiveCfg = Static_Test|Any CPU
		{B715E9B9-97AB-4D70-AA76-83CE095C2D86}.Static_Test|Any CPU.Build.0 = Static_Test|Any CPU
		{B715E9B9-97AB-4D70-AA76-83CE095C2D86}.Static_Test|Mixed Platforms.ActiveCfg = Static_Test|Any CPU
		{B715E9B9-97AB-4D70-AA76-83CE095C2D86}.Static_Test|Mixed Platforms.Build.0 = Static_Test|x86
		{B715E9B9-97AB-4D70-AA76-83CE095C2D86}.Static_Test|Win32.ActiveCfg = Static_Test|x86
		{B715E9B9-97AB-4D70-AA76-83CE095C2D86}.Static_Test|Win32.Build.0 = Static_Test|x86
		{B715E9B9-97AB-4D70-AA76-83CE095C2D86}.Static_Test|x64.ActiveCfg = Static_Test|x64
		{B715E9B9-97AB-4D70-AA76-83CE095C2D86}.Static_Test|x64.Build.0 = Static_Test|x64
		{B715E9B9-97AB-4D70-AA76-83CE095C2D86}.Static_Test|x86.ActiveCfg = Static_Test|x86
		{B715E9B9-97AB-4D70-AA76-83CE095C2D86}.Static_Test|x86.Build.0 = Static_Test|x86
		{A159D616-172B-4C6D-AB71-A2E39A760862}.Debug_MBCS|Any CPU.ActiveCfg = Debug|Any CPU
		{A159D616-172B-4C6D-AB71-A2E39A760862}.Debug_MBCS|Any CPU.Build.0 = Debug|Any CPU
		{A159D616-172B-4C6D-AB71-A2E39A760862}.Debug_MBCS|Mixed Platforms.ActiveCfg = Debug|x86
		{A159D616-172B-4C6D-AB71-A2E39A760862}.Debug_MBCS|Mixed Platforms.Build.0 = Debug|x86
		{A159D616-172B-4C6D-AB71-A2E39A760862}.Debug_MBCS|Win32.ActiveCfg = Debug|x86
		{A159D616-172B-4C6D-AB71-A2E39A760862}.Debug_MBCS|Win32.Build.0 = Debug|x86
		{A159D616-172B-4C6D-AB71-A2E39A760862}.Debug_MBCS|x64.ActiveCfg = Debug|Any CPU
		{A159D616-172B-4C6D-AB71-A2E39A760862}.Debug_MBCS|x86.ActiveCfg = Debug|Any CPU
		{A159D616-172B-4C6D-AB71-A2E39A760862}.Debug|Any CPU.ActiveCfg = Debug|Any CPU
		{A159D616-172B-4C6D-AB71-A2E39A760862}.Debug|Any CPU.Build.0 = Debug|Any CPU
		{A159D616-172B-4C6D-AB71-A2E39A760862}.Debug|Mixed Platforms.ActiveCfg = Debug|x86
		{A159D616-172B-4C6D-AB71-A2E39A760862}.Debug|Mixed Platforms.Build.0 = Debug|x86
		{A159D616-172B-4C6D-AB71-A2E39A760862}.Debug|Win32.ActiveCfg = Debug|x86
		{A159D616-172B-4C6D-AB71-A2E39A760862}.Debug|Win32.Build.0 = Debug|x86
		{A159D616-172B-4C6D-AB71-A2E39A760862}.Debug|x64.ActiveCfg = Debug|x64
		{A159D616-172B-4C6D-AB71-A2E39A760862}.Debug|x64.Build.0 = Debug|x64
		{A159D616-172B-4C6D-AB71-A2E39A760862}.Debug|x86.ActiveCfg = Debug|x86
		{A159D616-172B-4C6D-AB71-A2E39A760862}.Debug|x86.Build.0 = Debug|x86
		{A159D616-172B-4C6D-AB71-A2E39A760862}.Release_MBCS|Any CPU.ActiveCfg = Release|Any CPU
		{A159D616-172B-4C6D-AB71-A2E39A760862}.Release_MBCS|Any CPU.Build.0 = Release|Any CPU
		{A159D616-172B-4C6D-AB71-A2E39A760862}.Release_MBCS|Mixed Platforms.ActiveCfg = Release|x86
		{A159D616-172B-4C6D-AB71-A2E39A760862}.Release_MBCS|Mixed Platforms.Build.0 = Release|x86
		{A159D616-172B-4C6D-AB71-A2E39A760862}.Release_MBCS|Win32.ActiveCfg = Release|x86
		{A159D616-172B-4C6D-AB71-A2E39A760862}.Release_MBCS|Win32.Build.0 = Release|x86
		{A159D616-172B-4C6D-AB71-A2E39A760862}.Release_MBCS|x64.ActiveCfg = Release|Any CPU
		{A159D616-172B-4C6D-AB71-A2E39A760862}.Release_MBCS|x86.ActiveCfg = Release|Any CPU
		{A159D616-172B-4C6D-AB71-A2E39A760862}.Release|Any CPU.ActiveCfg = Release|Any CPU
		{A159D616-172B-4C6D-AB71-A2E39A760862}.Release|Any CPU.Build.0 = Release|Any CPU
		{A159D616-172B-4C6D-AB71-A2E39A760862}.Release|Mixed Platforms.ActiveCfg = Release|x86
		{A159D616-172B-4C6D-AB71-A2E39A760862}.Release|Mixed Platforms.Build.0 = Release|x86
		{A159D616-172B-4C6D-AB71-A2E39A760862}.Release|Win32.ActiveCfg = Release|x86
		{A159D616-172B-4C6D-AB71-A2E39A760862}.Release|Win32.Build.0 = Release|x86
		{A159D616-172B-4C6D-AB71-A2E39A760862}.Release|x64.ActiveCfg = Release|x64
		{A159D616-172B-4C6D-AB71-A2E39A760862}.Release|x64.Build.0 = Release|x64
		{A159D616-172B-4C6D-AB71-A2E39A760862}.Release|x86.ActiveCfg = Release|x86
		{A159D616-172B-4C6D-AB71-A2E39A760862}.Release|x86.Build.0 = Release|x86
		{A159D616-172B-4C6D-AB71-A2E39A760862}.Static_Test|Any CPU.ActiveCfg = Static_Test|Any CPU
		{A159D616-172B-4C6D-AB71-A2E39A760862}.Static_Test|Any CPU.Build.0 = Static_Test|Any CPU
		{A159D616-172B-4C6D-AB71-A2E39A760862}.Static_Test|Mixed Platforms.ActiveCfg = Static_Test|Any CPU
		{A159D616-172B-4C6D-AB71-A2E39A760862}.Static_Test|Mixed Platforms.Build.0 = Static_Test|x86
		{A159D616-172B-4C6D-AB71-A2E39A760862}.Static_Test|Win32.ActiveCfg = Static_Test|x86
		{A159D616-172B-4C6D-AB71-A2E39A760862}.Static_Test|Win32.Build.0 = Static_Test|x86
		{A159D616-172B-4C6D-AB71-A2E39A760862}.Static_Test|x64.ActiveCfg = Static_Test|x64
		{A159D616-172B-4C6D-AB71-A2E39A760862}.Static_Test|x64.Build.0 = Static_Test|x64
		{A159D616-172B-4C6D-AB71-A2E39A760862}.Static_Test|x86.ActiveCfg = Static_Test|x86
		{A159D616-172B-4C6D-AB71-A2E39A760862}.Static_Test|x86.Build.0 = Static_Test|x86
		{0282883B-B064-4423-89B3-9184B97632CE}.Debug_MBCS|Any CPU.ActiveCfg = Debug|Any CPU
		{0282883B-B064-4423-89B3-9184B97632CE}.Debug_MBCS|Any CPU.Build.0 = Debug|Any CPU
		{0282883B-B064-4423-89B3-9184B97632CE}.Debug_MBCS|Mixed Platforms.ActiveCfg = Debug|x86
		{0282883B-B064-4423-89B3-9184B97632CE}.Debug_MBCS|Mixed Platforms.Build.0 = Debug|x86
		{0282883B-B064-4423-89B3-9184B97632CE}.Debug_MBCS|Win32.ActiveCfg = Debug|x86
		{0282883B-B064-4423-89B3-9184B97632CE}.Debug_MBCS|Win32.Build.0 = Debug|x86
		{0282883B-B064-4423-89B3-9184B97632CE}.Debug_MBCS|x64.ActiveCfg = Debug|x64
		{0282883B-B064-4423-89B3-9184B97632CE}.Debug_MBCS|x64.Build.0 = Debug|x64
		{0282883B-B064-4423-89B3-9184B97632CE}.Debug_MBCS|x86.ActiveCfg = Debug|x86
		{0282883B-B064-4423-89B3-9184B97632CE}.Debug_MBCS|x86.Build.0 = Debug|x86
		{0282883B-B064-4423-89B3-9184B97632CE}.Debug|Any CPU.ActiveCfg = Debug|Any CPU
		{0282883B-B064-4423-89B3-9184B97632CE}.Debug|Any CPU.Build.0 = Debug|Any CPU
		{0282883B-B064-4423-89B3-9184B97632CE}.Debug|Mixed Platforms.ActiveCfg = Debug|x86
		{0282883B-B064-4423-89B3-9184B97632CE}.Debug|Mixed Platforms.Build.0 = Debug|x86
		{0282883B-B064-4423-89B3-9184B97632CE}.Debug|Win32.ActiveCfg = Debug|x86
		{0282883B-B064-4423-89B3-9184B97632CE}.Debug|Win32.Build.0 = Debug|x86
		{0282883B-B064-4423-89B3-9184B97632CE}.Debug|x64.ActiveCfg = Debug|x64
		{0282883B-B064-4423-89B3-9184B97632CE}.Debug|x64.Build.0 = Debug|x64
		{0282883B-B064-4423-89B3-9184B97632CE}.Debug|x86.ActiveCfg = Debug|x86
		{0282883B-B064-4423-89B3-9184B97632CE}.Debug|x86.Build.0 = Debug|x86
		{0282883B-B064-4423-89B3-9184B97632CE}.Release_MBCS|Any CPU.ActiveCfg = Release|Any CPU
		{0282883B-B064-4423-89B3-9184B97632CE}.Release_MBCS|Any CPU.Build.0 = Release|Any CPU
		{0282883B-B064-4423-89B3-9184B97632CE}.Release_MBCS|Mixed Platforms.ActiveCfg = Release|x86
		{0282883B-B064-4423-89B3-9184B97632CE}.Release_MBCS|Mixed Platforms.Build.0 = Release|x86
		{0282883B-B064-4423-89B3-9184B97632CE}.Release_MBCS|Win32.ActiveCfg = Release|x86
		{0282883B-B064-4423-89B3-9184B97632CE}.Release_MBCS|Win32.Build.0 = Release|x86
		{0282883B-B064-4423-89B3-9184B97632CE}.Release_MBCS|x64.ActiveCfg = Release|x64
		{0282883B-B064-4423-89B3-9184B97632CE}.Release_MBCS|x64.Build.0 = Release|x64
		{0282883B-B064-4423-89B3-9184B97632CE}.Release_MBCS|x86.ActiveCfg = Release|x86
		{0282883B-B064-4423-89B3-9184B97632CE}.Release_MBCS|x86.Build.0 = Release|x86
		{0282883B-B064-4423-89B3-9184B97632CE}.Release|Any CPU.ActiveCfg = Release|Any CPU
		{0282883B-B064-4423-89B3-9184B97632CE}.Release|Any CPU.Build.0 = Release|Any CPU
		{0282883B-B064-4423-89B3-9184B97632CE}.Release|Mixed Platforms.ActiveCfg = Release|x86
		{0282883B-B064-4423-89B3-9184B97632CE}.Release|Mixed Platforms.Build.0 = Release|x86
		{0282883B-B064-4423-89B3-9184B97632CE}.Release|Win32.ActiveCfg = Release|x86
		{0282883B-B064-4423-89B3-9184B97632CE}.Release|Win32.Build.0 = Release|x86
		{0282883B-B064-4423-89B3-9184B97632CE}.Release|x64.ActiveCfg = Release|x64
		{0282883B-B064-4423-89B3-9184B97632CE}.Release|x64.Build.0 = Release|x64
		{0282883B-B064-4423-89B3-9184B97632CE}.Release|x86.ActiveCfg = Release|x86
		{0282883B-B064-4423-89B3-9184B97632CE}.Release|x86.Build.0 = Release|x86
		{0282883B-B064-4423-89B3-9184B97632CE}.Static_Test|Any CPU.ActiveCfg = Static_Test|Any CPU
		{0282883B-B064-4423-89B3-9184B97632CE}.Static_Test|Any CPU.Build.0 = Static_Test|Any CPU
		{0282883B-B064-4423-89B3-9184B97632CE}.Static_Test|Mixed Platforms.ActiveCfg = Static_Test|Any CPU
		{0282883B-B064-4423-89B3-9184B97632CE}.Static_Test|Mixed Platforms.Build.0 = Static_Test|x86
		{0282883B-B064-4423-89B3-9184B97632CE}.Static_Test|Win32.ActiveCfg = Static_Test|x86
		{0282883B-B064-4423-89B3-9184B97632CE}.Static_Test|Win32.Build.0 = Static_Test|x86
		{0282883B-B064-4423-89B3-9184B97632CE}.Static_Test|x64.ActiveCfg = Static_Test|x64
		{0282883B-B064-4423-89B3-9184B97632CE}.Static_Test|x64.Build.0 = Static_Test|x64
		{0282883B-B064-4423-89B3-9184B97632CE}.Static_Test|x86.ActiveCfg = Static_Test|x86
		{0282883B-B064-4423-89B3-9184B97632CE}.Static_Test|x86.Build.0 = Static_Test|x86
		{F6B37A90-4EB2-4D96-A65C-56692C73EE14}.Debug_MBCS|Any CPU.ActiveCfg = Debug|Any CPU
		{F6B37A90-4EB2-4D96-A65C-56692C73EE14}.Debug_MBCS|Any CPU.Build.0 = Debug|Any CPU
		{F6B37A90-4EB2-4D96-A65C-56692C73EE14}.Debug_MBCS|Mixed Platforms.ActiveCfg = Debug|Any CPU
		{F6B37A90-4EB2-4D96-A65C-56692C73EE14}.Debug_MBCS|Mixed Platforms.Build.0 = Debug|Any CPU
		{F6B37A90-4EB2-4D96-A65C-56692C73EE14}.Debug_MBCS|Win32.ActiveCfg = Debug|Any CPU
		{F6B37A90-4EB2-4D96-A65C-56692C73EE14}.Debug_MBCS|x64.ActiveCfg = Debug|Any CPU
		{F6B37A90-4EB2-4D96-A65C-56692C73EE14}.Debug_MBCS|x86.ActiveCfg = Debug|Any CPU
		{F6B37A90-4EB2-4D96-A65C-56692C73EE14}.Debug|Any CPU.ActiveCfg = Debug|Any CPU
		{F6B37A90-4EB2-4D96-A65C-56692C73EE14}.Debug|Any CPU.Build.0 = Debug|Any CPU
		{F6B37A90-4EB2-4D96-A65C-56692C73EE14}.Debug|Mixed Platforms.ActiveCfg = Debug|Any CPU
		{F6B37A90-4EB2-4D96-A65C-56692C73EE14}.Debug|Mixed Platforms.Build.0 = Debug|Any CPU
		{F6B37A90-4EB2-4D96-A65C-56692C73EE14}.Debug|Win32.ActiveCfg = Debug|Any CPU
		{F6B37A90-4EB2-4D96-A65C-56692C73EE14}.Debug|x64.ActiveCfg = Debug|Any CPU
		{F6B37A90-4EB2-4D96-A65C-56692C73EE14}.Debug|x86.ActiveCfg = Debug|Any CPU
		{F6B37A90-4EB2-4D96-A65C-56692C73EE14}.Release_MBCS|Any CPU.ActiveCfg = Release|Any CPU
		{F6B37A90-4EB2-4D96-A65C-56692C73EE14}.Release_MBCS|Any CPU.Build.0 = Release|Any CPU
		{F6B37A90-4EB2-4D96-A65C-56692C73EE14}.Release_MBCS|Mixed Platforms.ActiveCfg = Release|Any CPU
		{F6B37A90-4EB2-4D96-A65C-56692C73EE14}.Release_MBCS|Mixed Platforms.Build.0 = Release|Any CPU
		{F6B37A90-4EB2-4D96-A65C-56692C73EE14}.Release_MBCS|Win32.ActiveCfg = Release|Any CPU
		{F6B37A90-4EB2-4D96-A65C-56692C73EE14}.Release_MBCS|x64.ActiveCfg = Release|Any CPU
		{F6B37A90-4EB2-4D96-A65C-56692C73EE14}.Release_MBCS|x86.ActiveCfg = Release|Any CPU
		{F6B37A90-4EB2-4D96-A65C-56692C73EE14}.Release|Any CPU.ActiveCfg = Release|Any CPU
		{F6B37A90-4EB2-4D96-A65C-56692C73EE14}.Release|Any CPU.Build.0 = Release|Any CPU
		{F6B37A90-4EB2-4D96-A65C-56692C73EE14}.Release|Mixed Platforms.ActiveCfg = Release|Any CPU
		{F6B37A90-4EB2-4D96-A65C-56692C73EE14}.Release|Mixed Platforms.Build.0 = Release|Any CPU
		{F6B37A90-4EB2-4D96-A65C-56692C73EE14}.Release|Win32.ActiveCfg = Release|Any CPU
		{F6B37A90-4EB2-4D96-A65C-56692C73EE14}.Release|x64.ActiveCfg = Release|Any CPU
		{F6B37A90-4EB2-4D96-A65C-56692C73EE14}.Release|x86.ActiveCfg = Release|Any CPU
		{F6B37A90-4EB2-4D96-A65C-56692C73EE14}.Static_Test|Any CPU.ActiveCfg = Static_Test|Any CPU
		{F6B37A90-4EB2-4D96-A65C-56692C73EE14}.Static_Test|Any CPU.Build.0 = Static_Test|Any CPU
		{F6B37A90-4EB2-4D96-A65C-56692C73EE14}.Static_Test|Mixed Platforms.ActiveCfg = Static_Test|Any CPU
		{F6B37A90-4EB2-4D96-A65C-56692C73EE14}.Static_Test|Win32.ActiveCfg = Static_Test|Any CPU
		{F6B37A90-4EB2-4D96-A65C-56692C73EE14}.Static_Test|x64.ActiveCfg = Static_Test|Any CPU
		{F6B37A90-4EB2-4D96-A65C-56692C73EE14}.Static_Test|x86.ActiveCfg = Static_Test|Any CPU
		{05EFD7EB-F0FB-4B65-8E4A-C8FF8DDC6A78}.Debug_MBCS|Any CPU.ActiveCfg = Debug|Any CPU
		{05EFD7EB-F0FB-4B65-8E4A-C8FF8DDC6A78}.Debug_MBCS|Any CPU.Build.0 = Debug|Any CPU
		{05EFD7EB-F0FB-4B65-8E4A-C8FF8DDC6A78}.Debug_MBCS|Mixed Platforms.ActiveCfg = Debug|x86
		{05EFD7EB-F0FB-4B65-8E4A-C8FF8DDC6A78}.Debug_MBCS|Mixed Platforms.Build.0 = Debug|x86
		{05EFD7EB-F0FB-4B65-8E4A-C8FF8DDC6A78}.Debug_MBCS|Win32.ActiveCfg = Debug|x86
		{05EFD7EB-F0FB-4B65-8E4A-C8FF8DDC6A78}.Debug_MBCS|Win32.Build.0 = Debug|x86
		{05EFD7EB-F0FB-4B65-8E4A-C8FF8DDC6A78}.Debug_MBCS|x64.ActiveCfg = Debug|Any CPU
		{05EFD7EB-F0FB-4B65-8E4A-C8FF8DDC6A78}.Debug_MBCS|x86.ActiveCfg = Debug|Any CPU
		{05EFD7EB-F0FB-4B65-8E4A-C8FF8DDC6A78}.Debug|Any CPU.ActiveCfg = Debug|Any CPU
		{05EFD7EB-F0FB-4B65-8E4A-C8FF8DDC6A78}.Debug|Any CPU.Build.0 = Debug|Any CPU
		{05EFD7EB-F0FB-4B65-8E4A-C8FF8DDC6A78}.Debug|Mixed Platforms.ActiveCfg = Debug|x86
		{05EFD7EB-F0FB-4B65-8E4A-C8FF8DDC6A78}.Debug|Mixed Platforms.Build.0 = Debug|x86
		{05EFD7EB-F0FB-4B65-8E4A-C8FF8DDC6A78}.Debug|Win32.ActiveCfg = Debug|x86
		{05EFD7EB-F0FB-4B65-8E4A-C8FF8DDC6A78}.Debug|Win32.Build.0 = Debug|x86
		{05EFD7EB-F0FB-4B65-8E4A-C8FF8DDC6A78}.Debug|x64.ActiveCfg = Debug|x64
		{05EFD7EB-F0FB-4B65-8E4A-C8FF8DDC6A78}.Debug|x64.Build.0 = Debug|x64
		{05EFD7EB-F0FB-4B65-8E4A-C8FF8DDC6A78}.Debug|x86.ActiveCfg = Debug|x86
		{05EFD7EB-F0FB-4B65-8E4A-C8FF8DDC6A78}.Debug|x86.Build.0 = Debug|x86
		{05EFD7EB-F0FB-4B65-8E4A-C8FF8DDC6A78}.Release_MBCS|Any CPU.ActiveCfg = Release|Any CPU
		{05EFD7EB-F0FB-4B65-8E4A-C8FF8DDC6A78}.Release_MBCS|Any CPU.Build.0 = Release|Any CPU
		{05EFD7EB-F0FB-4B65-8E4A-C8FF8DDC6A78}.Release_MBCS|Mixed Platforms.ActiveCfg = Release|x86
		{05EFD7EB-F0FB-4B65-8E4A-C8FF8DDC6A78}.Release_MBCS|Mixed Platforms.Build.0 = Release|x86
		{05EFD7EB-F0FB-4B65-8E4A-C8FF8DDC6A78}.Release_MBCS|Win32.ActiveCfg = Release|x86
		{05EFD7EB-F0FB-4B65-8E4A-C8FF8DDC6A78}.Release_MBCS|Win32.Build.0 = Release|x86
		{05EFD7EB-F0FB-4B65-8E4A-C8FF8DDC6A78}.Release_MBCS|x64.ActiveCfg = Release|Any CPU
		{05EFD7EB-F0FB-4B65-8E4A-C8FF8DDC6A78}.Release_MBCS|x86.ActiveCfg = Release|Any CPU
		{05EFD7EB-F0FB-4B65-8E4A-C8FF8DDC6A78}.Release|Any CPU.ActiveCfg = Release|Any CPU
		{05EFD7EB-F0FB-4B65-8E4A-C8FF8DDC6A78}.Release|Any CPU.Build.0 = Release|Any CPU
		{05EFD7EB-F0FB-4B65-8E4A-C8FF8DDC6A78}.Release|Mixed Platforms.ActiveCfg = Release|x86
		{05EFD7EB-F0FB-4B65-8E4A-C8FF8DDC6A78}.Release|Mixed Platforms.Build.0 = Release|x86
		{05EFD7EB-F0FB-4B65-8E4A-C8FF8DDC6A78}.Release|Win32.ActiveCfg = Release|x86
		{05EFD7EB-F0FB-4B65-8E4A-C8FF8DDC6A78}.Release|Win32.Build.0 = Release|x86
		{05EFD7EB-F0FB-4B65-8E4A-C8FF8DDC6A78}.Release|x64.ActiveCfg = Release|x64
		{05EFD7EB-F0FB-4B65-8E4A-C8FF8DDC6A78}.Release|x64.Build.0 = Release|x64
		{05EFD7EB-F0FB-4B65-8E4A-C8FF8DDC6A78}.Release|x86.ActiveCfg = Release|x86
		{05EFD7EB-F0FB-4B65-8E4A-C8FF8DDC6A78}.Release|x86.Build.0 = Release|x86
		{05EFD7EB-F0FB-4B65-8E4A-C8FF8DDC6A78}.Static_Test|Any CPU.ActiveCfg = Static_Test|Any CPU
		{05EFD7EB-F0FB-4B65-8E4A-C8FF8DDC6A78}.Static_Test|Any CPU.Build.0 = Static_Test|Any CPU
		{05EFD7EB-F0FB-4B65-8E4A-C8FF8DDC6A78}.Static_Test|Mixed Platforms.ActiveCfg = Static_Test|Any CPU
		{05EFD7EB-F0FB-4B65-8E4A-C8FF8DDC6A78}.Static_Test|Mixed Platforms.Build.0 = Static_Test|x86
		{05EFD7EB-F0FB-4B65-8E4A-C8FF8DDC6A78}.Static_Test|Win32.ActiveCfg = Static_Test|x86
		{05EFD7EB-F0FB-4B65-8E4A-C8FF8DDC6A78}.Static_Test|Win32.Build.0 = Static_Test|x86
		{05EFD7EB-F0FB-4B65-8E4A-C8FF8DDC6A78}.Static_Test|x64.ActiveCfg = Static_Test|x64
		{05EFD7EB-F0FB-4B65-8E4A-C8FF8DDC6A78}.Static_Test|x64.Build.0 = Static_Test|x64
		{05EFD7EB-F0FB-4B65-8E4A-C8FF8DDC6A78}.Static_Test|x86.ActiveCfg = Static_Test|x86
		{05EFD7EB-F0FB-4B65-8E4A-C8FF8DDC6A78}.Static_Test|x86.Build.0 = Static_Test|x86
		{574B08CE-CCB9-4DF1-AD61-8CDABBB28CA2}.Debug_MBCS|Any CPU.ActiveCfg = Debug|Win32
		{574B08CE-CCB9-4DF1-AD61-8CDABBB28CA2}.Debug_MBCS|Mixed Platforms.ActiveCfg = Debug|Win32
		{574B08CE-CCB9-4DF1-AD61-8CDABBB28CA2}.Debug_MBCS|Mixed Platforms.Build.0 = Debug|Win32
		{574B08CE-CCB9-4DF1-AD61-8CDABBB28CA2}.Debug_MBCS|Win32.ActiveCfg = Debug|Win32
		{574B08CE-CCB9-4DF1-AD61-8CDABBB28CA2}.Debug_MBCS|Win32.Build.0 = Debug|Win32
		{574B08CE-CCB9-4DF1-AD61-8CDABBB28CA2}.Debug_MBCS|x64.ActiveCfg = Debug|Win32
		{574B08CE-CCB9-4DF1-AD61-8CDABBB28CA2}.Debug_MBCS|x86.ActiveCfg = Debug|Win32
		{574B08CE-CCB9-4DF1-AD61-8CDABBB28CA2}.Debug_MBCS|x86.Build.0 = Debug|Win32
		{574B08CE-CCB9-4DF1-AD61-8CDABBB28CA2}.Debug|Any CPU.ActiveCfg = Debug|Win32
		{574B08CE-CCB9-4DF1-AD61-8CDABBB28CA2}.Debug|Mixed Platforms.ActiveCfg = Debug|Win32
		{574B08CE-CCB9-4DF1-AD61-8CDABBB28CA2}.Debug|Mixed Platforms.Build.0 = Debug|Win32
		{574B08CE-CCB9-4DF1-AD61-8CDABBB28CA2}.Debug|Win32.ActiveCfg = Debug|Win32
		{574B08CE-CCB9-4DF1-AD61-8CDABBB28CA2}.Debug|Win32.Build.0 = Debug|Win32
		{574B08CE-CCB9-4DF1-AD61-8CDABBB28CA2}.Debug|x64.ActiveCfg = Debug|Win32
		{574B08CE-CCB9-4DF1-AD61-8CDABBB28CA2}.Debug|x64.Build.0 = Debug|Win32
		{574B08CE-CCB9-4DF1-AD61-8CDABBB28CA2}.Debug|x86.ActiveCfg = Debug|Win32
		{574B08CE-CCB9-4DF1-AD61-8CDABBB28CA2}.Debug|x86.Build.0 = Debug|Win32
		{574B08CE-CCB9-4DF1-AD61-8CDABBB28CA2}.Release_MBCS|Any CPU.ActiveCfg = Release|Win32
		{574B08CE-CCB9-4DF1-AD61-8CDABBB28CA2}.Release_MBCS|Mixed Platforms.ActiveCfg = Release|Win32
		{574B08CE-CCB9-4DF1-AD61-8CDABBB28CA2}.Release_MBCS|Mixed Platforms.Build.0 = Release|Win32
		{574B08CE-CCB9-4DF1-AD61-8CDABBB28CA2}.Release_MBCS|Win32.ActiveCfg = Release|Win32
		{574B08CE-CCB9-4DF1-AD61-8CDABBB28CA2}.Release_MBCS|Win32.Build.0 = Release|Win32
		{574B08CE-CCB9-4DF1-AD61-8CDABBB28CA2}.Release_MBCS|x64.ActiveCfg = Release|Win32
		{574B08CE-CCB9-4DF1-AD61-8CDABBB28CA2}.Release_MBCS|x86.ActiveCfg = Release|Win32
		{574B08CE-CCB9-4DF1-AD61-8CDABBB28CA2}.Release_MBCS|x86.Build.0 = Release|Win32
		{574B08CE-CCB9-4DF1-AD61-8CDABBB28CA2}.Release|Any CPU.ActiveCfg = Release|Win32
		{574B08CE-CCB9-4DF1-AD61-8CDABBB28CA2}.Release|Mixed Platforms.ActiveCfg = Release|Win32
		{574B08CE-CCB9-4DF1-AD61-8CDABBB28CA2}.Release|Mixed Platforms.Build.0 = Release|Win32
		{574B08CE-CCB9-4DF1-AD61-8CDABBB28CA2}.Release|Win32.ActiveCfg = Release|Win32
		{574B08CE-CCB9-4DF1-AD61-8CDABBB28CA2}.Release|Win32.Build.0 = Release|Win32
		{574B08CE-CCB9-4DF1-AD61-8CDABBB28CA2}.Release|x64.ActiveCfg = Release|Win32
		{574B08CE-CCB9-4DF1-AD61-8CDABBB28CA2}.Release|x64.Build.0 = Release|Win32
		{574B08CE-CCB9-4DF1-AD61-8CDABBB28CA2}.Release|x86.ActiveCfg = Release|Win32
		{574B08CE-CCB9-4DF1-AD61-8CDABBB28CA2}.Release|x86.Build.0 = Release|Win32
		{574B08CE-CCB9-4DF1-AD61-8CDABBB28CA2}.Static_Test|Any CPU.ActiveCfg = Static_Test|Win32
		{574B08CE-CCB9-4DF1-AD61-8CDABBB28CA2}.Static_Test|Mixed Platforms.ActiveCfg = Static_Test|Win32
		{574B08CE-CCB9-4DF1-AD61-8CDABBB28CA2}.Static_Test|Mixed Platforms.Build.0 = Static_Test|Win32
		{574B08CE-CCB9-4DF1-AD61-8CDABBB28CA2}.Static_Test|Win32.ActiveCfg = Static_Test|Win32
		{574B08CE-CCB9-4DF1-AD61-8CDABBB28CA2}.Static_Test|Win32.Build.0 = Static_Test|Win32
		{574B08CE-CCB9-4DF1-AD61-8CDABBB28CA2}.Static_Test|x64.ActiveCfg = Static_Test|x64
		{574B08CE-CCB9-4DF1-AD61-8CDABBB28CA2}.Static_Test|x64.Build.0 = Static_Test|x64
		{574B08CE-CCB9-4DF1-AD61-8CDABBB28CA2}.Static_Test|x86.ActiveCfg = Static_Test|Win32
		{574B08CE-CCB9-4DF1-AD61-8CDABBB28CA2}.Static_Test|x86.Build.0 = Static_Test|Win32
		{FDDCBA31-1C6A-4894-B03A-02A141A0DF8A}.Debug_MBCS|Any CPU.ActiveCfg = Debug|x86
		{FDDCBA31-1C6A-4894-B03A-02A141A0DF8A}.Debug_MBCS|Mixed Platforms.ActiveCfg = Debug|x86
		{FDDCBA31-1C6A-4894-B03A-02A141A0DF8A}.Debug_MBCS|Mixed Platforms.Build.0 = Debug|x86
		{FDDCBA31-1C6A-4894-B03A-02A141A0DF8A}.Debug_MBCS|Win32.ActiveCfg = Debug|x86
		{FDDCBA31-1C6A-4894-B03A-02A141A0DF8A}.Debug_MBCS|Win32.Build.0 = Debug|x86
		{FDDCBA31-1C6A-4894-B03A-02A141A0DF8A}.Debug_MBCS|x64.ActiveCfg = Debug|x86
		{FDDCBA31-1C6A-4894-B03A-02A141A0DF8A}.Debug_MBCS|x86.ActiveCfg = Debug|x86
		{FDDCBA31-1C6A-4894-B03A-02A141A0DF8A}.Debug_MBCS|x86.Build.0 = Debug|x86
		{FDDCBA31-1C6A-4894-B03A-02A141A0DF8A}.Debug|Any CPU.ActiveCfg = Debug|x86
		{FDDCBA31-1C6A-4894-B03A-02A141A0DF8A}.Debug|Mixed Platforms.ActiveCfg = Debug|x86
		{FDDCBA31-1C6A-4894-B03A-02A141A0DF8A}.Debug|Mixed Platforms.Build.0 = Debug|x86
		{FDDCBA31-1C6A-4894-B03A-02A141A0DF8A}.Debug|Win32.ActiveCfg = Debug|x86
		{FDDCBA31-1C6A-4894-B03A-02A141A0DF8A}.Debug|Win32.Build.0 = Debug|x86
		{FDDCBA31-1C6A-4894-B03A-02A141A0DF8A}.Debug|x64.ActiveCfg = Debug|x64
		{FDDCBA31-1C6A-4894-B03A-02A141A0DF8A}.Debug|x64.Build.0 = Debug|x64
		{FDDCBA31-1C6A-4894-B03A-02A141A0DF8A}.Debug|x86.ActiveCfg = Debug|x86
		{FDDCBA31-1C6A-4894-B03A-02A141A0DF8A}.Debug|x86.Build.0 = Debug|x86
		{FDDCBA31-1C6A-4894-B03A-02A141A0DF8A}.Release_MBCS|Any CPU.ActiveCfg = Release|x86
		{FDDCBA31-1C6A-4894-B03A-02A141A0DF8A}.Release_MBCS|Mixed Platforms.ActiveCfg = Release|x86
		{FDDCBA31-1C6A-4894-B03A-02A141A0DF8A}.Release_MBCS|Mixed Platforms.Build.0 = Release|x86
		{FDDCBA31-1C6A-4894-B03A-02A141A0DF8A}.Release_MBCS|Win32.ActiveCfg = Release|x86
		{FDDCBA31-1C6A-4894-B03A-02A141A0DF8A}.Release_MBCS|Win32.Build.0 = Release|x86
		{FDDCBA31-1C6A-4894-B03A-02A141A0DF8A}.Release_MBCS|x64.ActiveCfg = Release|x86
		{FDDCBA31-1C6A-4894-B03A-02A141A0DF8A}.Release_MBCS|x86.ActiveCfg = Release|x86
		{FDDCBA31-1C6A-4894-B03A-02A141A0DF8A}.Release_MBCS|x86.Build.0 = Release|x86
		{FDDCBA31-1C6A-4894-B03A-02A141A0DF8A}.Release|Any CPU.ActiveCfg = Release|x86
		{FDDCBA31-1C6A-4894-B03A-02A141A0DF8A}.Release|Mixed Platforms.ActiveCfg = Release|x86
		{FDDCBA31-1C6A-4894-B03A-02A141A0DF8A}.Release|Mixed Platforms.Build.0 = Release|x86
		{FDDCBA31-1C6A-4894-B03A-02A141A0DF8A}.Release|Win32.ActiveCfg = Release|x86
		{FDDCBA31-1C6A-4894-B03A-02A141A0DF8A}.Release|Win32.Build.0 = Release|x86
		{FDDCBA31-1C6A-4894-B03A-02A141A0DF8A}.Release|x64.ActiveCfg = Release|x64
		{FDDCBA31-1C6A-4894-B03A-02A141A0DF8A}.Release|x64.Build.0 = Release|x64
		{FDDCBA31-1C6A-4894-B03A-02A141A0DF8A}.Release|x86.ActiveCfg = Release|x86
		{FDDCBA31-1C6A-4894-B03A-02A141A0DF8A}.Release|x86.Build.0 = Release|x86
		{FDDCBA31-1C6A-4894-B03A-02A141A0DF8A}.Static_Test|Any CPU.ActiveCfg = Static_Test|x86
		{FDDCBA31-1C6A-4894-B03A-02A141A0DF8A}.Static_Test|Mixed Platforms.ActiveCfg = Release|x86
		{FDDCBA31-1C6A-4894-B03A-02A141A0DF8A}.Static_Test|Mixed Platforms.Build.0 = Release|x86
		{FDDCBA31-1C6A-4894-B03A-02A141A0DF8A}.Static_Test|Win32.ActiveCfg = Release|x86
		{FDDCBA31-1C6A-4894-B03A-02A141A0DF8A}.Static_Test|Win32.Build.0 = Release|x86
		{FDDCBA31-1C6A-4894-B03A-02A141A0DF8A}.Static_Test|x64.ActiveCfg = Release|x64
		{FDDCBA31-1C6A-4894-B03A-02A141A0DF8A}.Static_Test|x64.Build.0 = Release|x64
		{FDDCBA31-1C6A-4894-B03A-02A141A0DF8A}.Static_Test|x86.ActiveCfg = Release|x86
		{FDDCBA31-1C6A-4894-B03A-02A141A0DF8A}.Static_Test|x86.Build.0 = Release|x86
		{F8CC61F7-4413-4A0D-B9AC-2B75CFD69A55}.Debug_MBCS|Any CPU.ActiveCfg = Debug|Win32
		{F8CC61F7-4413-4A0D-B9AC-2B75CFD69A55}.Debug_MBCS|Mixed Platforms.ActiveCfg = Debug|Win32
		{F8CC61F7-4413-4A0D-B9AC-2B75CFD69A55}.Debug_MBCS|Mixed Platforms.Build.0 = Debug|Win32
		{F8CC61F7-4413-4A0D-B9AC-2B75CFD69A55}.Debug_MBCS|Win32.ActiveCfg = Debug|Win32
		{F8CC61F7-4413-4A0D-B9AC-2B75CFD69A55}.Debug_MBCS|Win32.Build.0 = Debug|Win32
		{F8CC61F7-4413-4A0D-B9AC-2B75CFD69A55}.Debug_MBCS|x64.ActiveCfg = Debug|Win32
		{F8CC61F7-4413-4A0D-B9AC-2B75CFD69A55}.Debug_MBCS|x86.ActiveCfg = Debug|Win32
		{F8CC61F7-4413-4A0D-B9AC-2B75CFD69A55}.Debug_MBCS|x86.Build.0 = Debug|Win32
		{F8CC61F7-4413-4A0D-B9AC-2B75CFD69A55}.Debug|Any CPU.ActiveCfg = Debug|Win32
		{F8CC61F7-4413-4A0D-B9AC-2B75CFD69A55}.Debug|Mixed Platforms.ActiveCfg = Debug|Win32
		{F8CC61F7-4413-4A0D-B9AC-2B75CFD69A55}.Debug|Mixed Platforms.Build.0 = Debug|Win32
		{F8CC61F7-4413-4A0D-B9AC-2B75CFD69A55}.Debug|Win32.ActiveCfg = Debug|Win32
		{F8CC61F7-4413-4A0D-B9AC-2B75CFD69A55}.Debug|Win32.Build.0 = Debug|Win32
		{F8CC61F7-4413-4A0D-B9AC-2B75CFD69A55}.Debug|x64.ActiveCfg = Debug|x64
		{F8CC61F7-4413-4A0D-B9AC-2B75CFD69A55}.Debug|x64.Build.0 = Debug|x64
		{F8CC61F7-4413-4A0D-B9AC-2B75CFD69A55}.Debug|x86.ActiveCfg = Debug|Win32
		{F8CC61F7-4413-4A0D-B9AC-2B75CFD69A55}.Debug|x86.Build.0 = Debug|Win32
		{F8CC61F7-4413-4A0D-B9AC-2B75CFD69A55}.Release_MBCS|Any CPU.ActiveCfg = Release|Win32
		{F8CC61F7-4413-4A0D-B9AC-2B75CFD69A55}.Release_MBCS|Mixed Platforms.ActiveCfg = Release|Win32
		{F8CC61F7-4413-4A0D-B9AC-2B75CFD69A55}.Release_MBCS|Mixed Platforms.Build.0 = Release|Win32
		{F8CC61F7-4413-4A0D-B9AC-2B75CFD69A55}.Release_MBCS|Win32.ActiveCfg = Release|Win32
		{F8CC61F7-4413-4A0D-B9AC-2B75CFD69A55}.Release_MBCS|Win32.Build.0 = Release|Win32
		{F8CC61F7-4413-4A0D-B9AC-2B75CFD69A55}.Release_MBCS|x64.ActiveCfg = Release|Win32
		{F8CC61F7-4413-4A0D-B9AC-2B75CFD69A55}.Release_MBCS|x86.ActiveCfg = Release|Win32
		{F8CC61F7-4413-4A0D-B9AC-2B75CFD69A55}.Release_MBCS|x86.Build.0 = Release|Win32
		{F8CC61F7-4413-4A0D-B9AC-2B75CFD69A55}.Release|Any CPU.ActiveCfg = Release|Win32
		{F8CC61F7-4413-4A0D-B9AC-2B75CFD69A55}.Release|Mixed Platforms.ActiveCfg = Release|Win32
		{F8CC61F7-4413-4A0D-B9AC-2B75CFD69A55}.Release|Mixed Platforms.Build.0 = Release|Win32
		{F8CC61F7-4413-4A0D-B9AC-2B75CFD69A55}.Release|Win32.ActiveCfg = Release|Win32
		{F8CC61F7-4413-4A0D-B9AC-2B75CFD69A55}.Release|Win32.Build.0 = Release|Win32
		{F8CC61F7-4413-4A0D-B9AC-2B75CFD69A55}.Release|x64.ActiveCfg = Release|Win32
		{F8CC61F7-4413-4A0D-B9AC-2B75CFD69A55}.Release|x86.ActiveCfg = Release|Win32
		{F8CC61F7-4413-4A0D-B9AC-2B75CFD69A55}.Release|x86.Build.0 = Release|Win32
		{F8CC61F7-4413-4A0D-B9AC-2B75CFD69A55}.Static_Test|Any CPU.ActiveCfg = Static_Test|Win32
		{F8CC61F7-4413-4A0D-B9AC-2B75CFD69A55}.Static_Test|Mixed Platforms.ActiveCfg = Static_Test|Win32
		{F8CC61F7-4413-4A0D-B9AC-2B75CFD69A55}.Static_Test|Mixed Platforms.Build.0 = Static_Test|Win32
		{F8CC61F7-4413-4A0D-B9AC-2B75CFD69A55}.Static_Test|Win32.ActiveCfg = Static_Test|Win32
		{F8CC61F7-4413-4A0D-B9AC-2B75CFD69A55}.Static_Test|Win32.Build.0 = Static_Test|Win32
		{F8CC61F7-4413-4A0D-B9AC-2B75CFD69A55}.Static_Test|x64.ActiveCfg = Static_Test|x64
		{F8CC61F7-4413-4A0D-B9AC-2B75CFD69A55}.Static_Test|x64.Build.0 = Static_Test|x64
		{F8CC61F7-4413-4A0D-B9AC-2B75CFD69A55}.Static_Test|x86.ActiveCfg = Static_Test|Win32
		{F8CC61F7-4413-4A0D-B9AC-2B75CFD69A55}.Static_Test|x86.Build.0 = Static_Test|Win32
		{11556771-E43D-4E25-AFE0-590C9D414FD7}.Debug_MBCS|Any CPU.ActiveCfg = Debug|Win32
		{11556771-E43D-4E25-AFE0-590C9D414FD7}.Debug_MBCS|Mixed Platforms.ActiveCfg = Debug|Win32
		{11556771-E43D-4E25-AFE0-590C9D414FD7}.Debug_MBCS|Mixed Platforms.Build.0 = Debug|Win32
		{11556771-E43D-4E25-AFE0-590C9D414FD7}.Debug_MBCS|Win32.ActiveCfg = Debug|Win32
		{11556771-E43D-4E25-AFE0-590C9D414FD7}.Debug_MBCS|Win32.Build.0 = Debug|Win32
		{11556771-E43D-4E25-AFE0-590C9D414FD7}.Debug_MBCS|x64.ActiveCfg = Debug|Win32
		{11556771-E43D-4E25-AFE0-590C9D414FD7}.Debug_MBCS|x86.ActiveCfg = Debug|Win32
		{11556771-E43D-4E25-AFE0-590C9D414FD7}.Debug_MBCS|x86.Build.0 = Debug|Win32
		{11556771-E43D-4E25-AFE0-590C9D414FD7}.Debug|Any CPU.ActiveCfg = Debug|Win32
		{11556771-E43D-4E25-AFE0-590C9D414FD7}.Debug|Mixed Platforms.ActiveCfg = Debug|Win32
		{11556771-E43D-4E25-AFE0-590C9D414FD7}.Debug|Mixed Platforms.Build.0 = Debug|Win32
		{11556771-E43D-4E25-AFE0-590C9D414FD7}.Debug|Win32.ActiveCfg = Debug|Win32
		{11556771-E43D-4E25-AFE0-590C9D414FD7}.Debug|Win32.Build.0 = Debug|Win32
		{11556771-E43D-4E25-AFE0-590C9D414FD7}.Debug|x64.ActiveCfg = Debug|Win32
		{11556771-E43D-4E25-AFE0-590C9D414FD7}.Debug|x86.ActiveCfg = Debug|Win32
		{11556771-E43D-4E25-AFE0-590C9D414FD7}.Debug|x86.Build.0 = Debug|Win32
		{11556771-E43D-4E25-AFE0-590C9D414FD7}.Release_MBCS|Any CPU.ActiveCfg = Release|Win32
		{11556771-E43D-4E25-AFE0-590C9D414FD7}.Release_MBCS|Mixed Platforms.ActiveCfg = Release|Win32
		{11556771-E43D-4E25-AFE0-590C9D414FD7}.Release_MBCS|Mixed Platforms.Build.0 = Release|Win32
		{11556771-E43D-4E25-AFE0-590C9D414FD7}.Release_MBCS|Win32.ActiveCfg = Release|Win32
		{11556771-E43D-4E25-AFE0-590C9D414FD7}.Release_MBCS|Win32.Build.0 = Release|Win32
		{11556771-E43D-4E25-AFE0-590C9D414FD7}.Release_MBCS|x64.ActiveCfg = Release|Win32
		{11556771-E43D-4E25-AFE0-590C9D414FD7}.Release_MBCS|x86.ActiveCfg = Release|Win32
		{11556771-E43D-4E25-AFE0-590C9D414FD7}.Release_MBCS|x86.Build.0 = Release|Win32
		{11556771-E43D-4E25-AFE0-590C9D414FD7}.Release|Any CPU.ActiveCfg = Release|Win32
		{11556771-E43D-4E25-AFE0-590C9D414FD7}.Release|Mixed Platforms.ActiveCfg = Release|Win32
		{11556771-E43D-4E25-AFE0-590C9D414FD7}.Release|Mixed Platforms.Build.0 = Release|Win32
		{11556771-E43D-4E25-AFE0-590C9D414FD7}.Release|Win32.ActiveCfg = Release|Win32
		{11556771-E43D-4E25-AFE0-590C9D414FD7}.Release|Win32.Build.0 = Release|Win32
		{11556771-E43D-4E25-AFE0-590C9D414FD7}.Release|x64.ActiveCfg = Release|Win32
		{11556771-E43D-4E25-AFE0-590C9D414FD7}.Release|x86.ActiveCfg = Release|Win32
		{11556771-E43D-4E25-AFE0-590C9D414FD7}.Release|x86.Build.0 = Release|Win32
		{11556771-E43D-4E25-AFE0-590C9D414FD7}.Static_Test|Any CPU.ActiveCfg = Release|Win32
		{11556771-E43D-4E25-AFE0-590C9D414FD7}.Static_Test|Mixed Platforms.ActiveCfg = Release|Win32
		{11556771-E43D-4E25-AFE0-590C9D414FD7}.Static_Test|Mixed Platforms.Build.0 = Release|Win32
		{11556771-E43D-4E25-AFE0-590C9D414FD7}.Static_Test|Win32.ActiveCfg = Release|Win32
		{11556771-E43D-4E25-AFE0-590C9D414FD7}.Static_Test|Win32.Build.0 = Release|Win32
		{11556771-E43D-4E25-AFE0-590C9D414FD7}.Static_Test|x64.ActiveCfg = Release|Win32
		{11556771-E43D-4E25-AFE0-590C9D414FD7}.Static_Test|x86.ActiveCfg = Release|Win32
		{11556771-E43D-4E25-AFE0-590C9D414FD7}.Static_Test|x86.Build.0 = Release|Win32
		{D1DC88AF-A878-4519-B7DA-BAF37A1384D1}.Debug_MBCS|Any CPU.ActiveCfg = Debug|Win32
		{D1DC88AF-A878-4519-B7DA-BAF37A1384D1}.Debug_MBCS|Mixed Platforms.ActiveCfg = Debug|Win32
		{D1DC88AF-A878-4519-B7DA-BAF37A1384D1}.Debug_MBCS|Mixed Platforms.Build.0 = Debug|Win32
		{D1DC88AF-A878-4519-B7DA-BAF37A1384D1}.Debug_MBCS|Win32.ActiveCfg = Debug|Win32
		{D1DC88AF-A878-4519-B7DA-BAF37A1384D1}.Debug_MBCS|Win32.Build.0 = Debug|Win32
		{D1DC88AF-A878-4519-B7DA-BAF37A1384D1}.Debug_MBCS|x64.ActiveCfg = Debug|Win32
		{D1DC88AF-A878-4519-B7DA-BAF37A1384D1}.Debug_MBCS|x86.ActiveCfg = Debug|Win32
		{D1DC88AF-A878-4519-B7DA-BAF37A1384D1}.Debug_MBCS|x86.Build.0 = Debug|Win32
		{D1DC88AF-A878-4519-B7DA-BAF37A1384D1}.Debug|Any CPU.ActiveCfg = Debug|Win32
		{D1DC88AF-A878-4519-B7DA-BAF37A1384D1}.Debug|Mixed Platforms.ActiveCfg = Debug|Win32
		{D1DC88AF-A878-4519-B7DA-BAF37A1384D1}.Debug|Mixed Platforms.Build.0 = Debug|Win32
		{D1DC88AF-A878-4519-B7DA-BAF37A1384D1}.Debug|Win32.ActiveCfg = Debug|Win32
		{D1DC88AF-A878-4519-B7DA-BAF37A1384D1}.Debug|Win32.Build.0 = Debug|Win32
		{D1DC88AF-A878-4519-B7DA-BAF37A1384D1}.Debug|x64.ActiveCfg = Debug|Win32
		{D1DC88AF-A878-4519-B7DA-BAF37A1384D1}.Debug|x86.ActiveCfg = Debug|Win32
		{D1DC88AF-A878-4519-B7DA-BAF37A1384D1}.Debug|x86.Build.0 = Debug|Win32
		{D1DC88AF-A878-4519-B7DA-BAF37A1384D1}.Release_MBCS|Any CPU.ActiveCfg = Release|Win32
		{D1DC88AF-A878-4519-B7DA-BAF37A1384D1}.Release_MBCS|Mixed Platforms.ActiveCfg = Release|Win32
		{D1DC88AF-A878-4519-B7DA-BAF37A1384D1}.Release_MBCS|Mixed Platforms.Build.0 = Release|Win32
		{D1DC88AF-A878-4519-B7DA-BAF37A1384D1}.Release_MBCS|Win32.ActiveCfg = Release|Win32
		{D1DC88AF-A878-4519-B7DA-BAF37A1384D1}.Release_MBCS|Win32.Build.0 = Release|Win32
		{D1DC88AF-A878-4519-B7DA-BAF37A1384D1}.Release_MBCS|x64.ActiveCfg = Release|Win32
		{D1DC88AF-A878-4519-B7DA-BAF37A1384D1}.Release_MBCS|x86.ActiveCfg = Release|Win32
		{D1DC88AF-A878-4519-B7DA-BAF37A1384D1}.Release_MBCS|x86.Build.0 = Release|Win32
		{D1DC88AF-A878-4519-B7DA-BAF37A1384D1}.Release|Any CPU.ActiveCfg = Release|Win32
		{D1DC88AF-A878-4519-B7DA-BAF37A1384D1}.Release|Mixed Platforms.ActiveCfg = Release|Win32
		{D1DC88AF-A878-4519-B7DA-BAF37A1384D1}.Release|Mixed Platforms.Build.0 = Release|Win32
		{D1DC88AF-A878-4519-B7DA-BAF37A1384D1}.Release|Win32.ActiveCfg = Release|Win32
		{D1DC88AF-A878-4519-B7DA-BAF37A1384D1}.Release|Win32.Build.0 = Release|Win32
		{D1DC88AF-A878-4519-B7DA-BAF37A1384D1}.Release|x64.ActiveCfg = Release|Win32
		{D1DC88AF-A878-4519-B7DA-BAF37A1384D1}.Release|x86.ActiveCfg = Release|Win32
		{D1DC88AF-A878-4519-B7DA-BAF37A1384D1}.Release|x86.Build.0 = Release|Win32
		{D1DC88AF-A878-4519-B7DA-BAF37A1384D1}.Static_Test|Any CPU.ActiveCfg = Release|Win32
		{D1DC88AF-A878-4519-B7DA-BAF37A1384D1}.Static_Test|Mixed Platforms.ActiveCfg = Release|Win32
		{D1DC88AF-A878-4519-B7DA-BAF37A1384D1}.Static_Test|Mixed Platforms.Build.0 = Release|Win32
		{D1DC88AF-A878-4519-B7DA-BAF37A1384D1}.Static_Test|Win32.ActiveCfg = Release|Win32
		{D1DC88AF-A878-4519-B7DA-BAF37A1384D1}.Static_Test|Win32.Build.0 = Release|Win32
		{D1DC88AF-A878-4519-B7DA-BAF37A1384D1}.Static_Test|x64.ActiveCfg = Release|Win32
		{D1DC88AF-A878-4519-B7DA-BAF37A1384D1}.Static_Test|x86.ActiveCfg = Release|Win32
		{D1DC88AF-A878-4519-B7DA-BAF37A1384D1}.Static_Test|x86.Build.0 = Release|Win32
		{E179A63B-59CE-4CD2-ACD1-561F924615C9}.Debug_MBCS|Any CPU.ActiveCfg = Debug|Win32
		{E179A63B-59CE-4CD2-ACD1-561F924615C9}.Debug_MBCS|Mixed Platforms.ActiveCfg = Debug|Win32
		{E179A63B-59CE-4CD2-ACD1-561F924615C9}.Debug_MBCS|Mixed Platforms.Build.0 = Debug|Win32
		{E179A63B-59CE-4CD2-ACD1-561F924615C9}.Debug_MBCS|Win32.ActiveCfg = Debug|Win32
		{E179A63B-59CE-4CD2-ACD1-561F924615C9}.Debug_MBCS|Win32.Build.0 = Debug|Win32
		{E179A63B-59CE-4CD2-ACD1-561F924615C9}.Debug_MBCS|x64.ActiveCfg = Debug|Win32
		{E179A63B-59CE-4CD2-ACD1-561F924615C9}.Debug_MBCS|x86.ActiveCfg = Debug|Win32
		{E179A63B-59CE-4CD2-ACD1-561F924615C9}.Debug_MBCS|x86.Build.0 = Debug|Win32
		{E179A63B-59CE-4CD2-ACD1-561F924615C9}.Debug|Any CPU.ActiveCfg = Debug|Win32
		{E179A63B-59CE-4CD2-ACD1-561F924615C9}.Debug|Mixed Platforms.ActiveCfg = Debug|Win32
		{E179A63B-59CE-4CD2-ACD1-561F924615C9}.Debug|Mixed Platforms.Build.0 = Debug|Win32
		{E179A63B-59CE-4CD2-ACD1-561F924615C9}.Debug|Win32.ActiveCfg = Debug|Win32
		{E179A63B-59CE-4CD2-ACD1-561F924615C9}.Debug|Win32.Build.0 = Debug|Win32
		{E179A63B-59CE-4CD2-ACD1-561F924615C9}.Debug|x64.ActiveCfg = Debug|Win32
		{E179A63B-59CE-4CD2-ACD1-561F924615C9}.Debug|x86.ActiveCfg = Debug|Win32
		{E179A63B-59CE-4CD2-ACD1-561F924615C9}.Debug|x86.Build.0 = Debug|Win32
		{E179A63B-59CE-4CD2-ACD1-561F924615C9}.Release_MBCS|Any CPU.ActiveCfg = Release|Win32
		{E179A63B-59CE-4CD2-ACD1-561F924615C9}.Release_MBCS|Mixed Platforms.ActiveCfg = Release|Win32
		{E179A63B-59CE-4CD2-ACD1-561F924615C9}.Release_MBCS|Mixed Platforms.Build.0 = Release|Win32
		{E179A63B-59CE-4CD2-ACD1-561F924615C9}.Release_MBCS|Win32.ActiveCfg = Release|Win32
		{E179A63B-59CE-4CD2-ACD1-561F924615C9}.Release_MBCS|Win32.Build.0 = Release|Win32
		{E179A63B-59CE-4CD2-ACD1-561F924615C9}.Release_MBCS|x64.ActiveCfg = Release|Win32
		{E179A63B-59CE-4CD2-ACD1-561F924615C9}.Release_MBCS|x86.ActiveCfg = Release|Win32
		{E179A63B-59CE-4CD2-ACD1-561F924615C9}.Release_MBCS|x86.Build.0 = Release|Win32
		{E179A63B-59CE-4CD2-ACD1-561F924615C9}.Release|Any CPU.ActiveCfg = Release|Win32
		{E179A63B-59CE-4CD2-ACD1-561F924615C9}.Release|Mixed Platforms.ActiveCfg = Release|Win32
		{E179A63B-59CE-4CD2-ACD1-561F924615C9}.Release|Mixed Platforms.Build.0 = Release|Win32
		{E179A63B-59CE-4CD2-ACD1-561F924615C9}.Release|Win32.ActiveCfg = Release|Win32
		{E179A63B-59CE-4CD2-ACD1-561F924615C9}.Release|Win32.Build.0 = Release|Win32
		{E179A63B-59CE-4CD2-ACD1-561F924615C9}.Release|x64.ActiveCfg = Release|Win32
		{E179A63B-59CE-4CD2-ACD1-561F924615C9}.Release|x86.ActiveCfg = Release|Win32
		{E179A63B-59CE-4CD2-ACD1-561F924615C9}.Release|x86.Build.0 = Release|Win32
		{E179A63B-59CE-4CD2-ACD1-561F924615C9}.Static_Test|Any CPU.ActiveCfg = Release|Win32
		{E179A63B-59CE-4CD2-ACD1-561F924615C9}.Static_Test|Mixed Platforms.ActiveCfg = Release|Win32
		{E179A63B-59CE-4CD2-ACD1-561F924615C9}.Static_Test|Mixed Platforms.Build.0 = Release|Win32
		{E179A63B-59CE-4CD2-ACD1-561F924615C9}.Static_Test|Win32.ActiveCfg = Release|Win32
		{E179A63B-59CE-4CD2-ACD1-561F924615C9}.Static_Test|Win32.Build.0 = Release|Win32
		{E179A63B-59CE-4CD2-ACD1-561F924615C9}.Static_Test|x64.ActiveCfg = Release|Win32
		{E179A63B-59CE-4CD2-ACD1-561F924615C9}.Static_Test|x86.ActiveCfg = Release|Win32
		{E179A63B-59CE-4CD2-ACD1-561F924615C9}.Static_Test|x86.Build.0 = Release|Win32
		{71E81620-9DA2-4520-8465-0A7805437E2C}.Debug_MBCS|Any CPU.ActiveCfg = Release|x64
		{71E81620-9DA2-4520-8465-0A7805437E2C}.Debug_MBCS|Any CPU.Build.0 = Release|x64
		{71E81620-9DA2-4520-8465-0A7805437E2C}.Debug_MBCS|Mixed Platforms.ActiveCfg = Debug|Win32
		{71E81620-9DA2-4520-8465-0A7805437E2C}.Debug_MBCS|Mixed Platforms.Build.0 = Debug|Win32
		{71E81620-9DA2-4520-8465-0A7805437E2C}.Debug_MBCS|Win32.ActiveCfg = Debug|Win32
		{71E81620-9DA2-4520-8465-0A7805437E2C}.Debug_MBCS|Win32.Build.0 = Debug|Win32
		{71E81620-9DA2-4520-8465-0A7805437E2C}.Debug_MBCS|x64.ActiveCfg = Debug|x64
		{71E81620-9DA2-4520-8465-0A7805437E2C}.Debug_MBCS|x64.Build.0 = Debug|x64
		{71E81620-9DA2-4520-8465-0A7805437E2C}.Debug_MBCS|x86.ActiveCfg = Debug|Win32
		{71E81620-9DA2-4520-8465-0A7805437E2C}.Debug_MBCS|x86.Build.0 = Debug|Win32
		{71E81620-9DA2-4520-8465-0A7805437E2C}.Debug|Any CPU.ActiveCfg = Debug|Win32
		{71E81620-9DA2-4520-8465-0A7805437E2C}.Debug|Mixed Platforms.ActiveCfg = Debug|Win32
		{71E81620-9DA2-4520-8465-0A7805437E2C}.Debug|Mixed Platforms.Build.0 = Debug|Win32
		{71E81620-9DA2-4520-8465-0A7805437E2C}.Debug|Win32.ActiveCfg = Debug|Win32
		{71E81620-9DA2-4520-8465-0A7805437E2C}.Debug|Win32.Build.0 = Debug|Win32
		{71E81620-9DA2-4520-8465-0A7805437E2C}.Debug|x64.ActiveCfg = Debug|x64
		{71E81620-9DA2-4520-8465-0A7805437E2C}.Debug|x64.Build.0 = Debug|x64
		{71E81620-9DA2-4520-8465-0A7805437E2C}.Debug|x86.ActiveCfg = Debug|Win32
		{71E81620-9DA2-4520-8465-0A7805437E2C}.Debug|x86.Build.0 = Debug|Win32
		{71E81620-9DA2-4520-8465-0A7805437E2C}.Release_MBCS|Any CPU.ActiveCfg = Release|x64
		{71E81620-9DA2-4520-8465-0A7805437E2C}.Release_MBCS|Any CPU.Build.0 = Release|x64
		{71E81620-9DA2-4520-8465-0A7805437E2C}.Release_MBCS|Mixed Platforms.ActiveCfg = Release|Win32
		{71E81620-9DA2-4520-8465-0A7805437E2C}.Release_MBCS|Mixed Platforms.Build.0 = Release|Win32
		{71E81620-9DA2-4520-8465-0A7805437E2C}.Release_MBCS|Win32.ActiveCfg = Release|Win32
		{71E81620-9DA2-4520-8465-0A7805437E2C}.Release_MBCS|Win32.Build.0 = Release|Win32
		{71E81620-9DA2-4520-8465-0A7805437E2C}.Release_MBCS|x64.ActiveCfg = Release|x64
		{71E81620-9DA2-4520-8465-0A7805437E2C}.Release_MBCS|x64.Build.0 = Release|x64
		{71E81620-9DA2-4520-8465-0A7805437E2C}.Release_MBCS|x86.ActiveCfg = Release|Win32
		{71E81620-9DA2-4520-8465-0A7805437E2C}.Release_MBCS|x86.Build.0 = Release|Win32
		{71E81620-9DA2-4520-8465-0A7805437E2C}.Release|Any CPU.ActiveCfg = Release|Win32
		{71E81620-9DA2-4520-8465-0A7805437E2C}.Release|Mixed Platforms.ActiveCfg = Release|Win32
		{71E81620-9DA2-4520-8465-0A7805437E2C}.Release|Mixed Platforms.Build.0 = Release|Win32
		{71E81620-9DA2-4520-8465-0A7805437E2C}.Release|Win32.ActiveCfg = Release|Win32
		{71E81620-9DA2-4520-8465-0A7805437E2C}.Release|Win32.Build.0 = Release|Win32
		{71E81620-9DA2-4520-8465-0A7805437E2C}.Release|x64.ActiveCfg = Release|x64
		{71E81620-9DA2-4520-8465-0A7805437E2C}.Release|x64.Build.0 = Release|x64
		{71E81620-9DA2-4520-8465-0A7805437E2C}.Release|x86.ActiveCfg = Release|Win32
		{71E81620-9DA2-4520-8465-0A7805437E2C}.Release|x86.Build.0 = Release|Win32
		{71E81620-9DA2-4520-8465-0A7805437E2C}.Static_Test|Any CPU.ActiveCfg = Release|x64
		{71E81620-9DA2-4520-8465-0A7805437E2C}.Static_Test|Any CPU.Build.0 = Release|x64
		{71E81620-9DA2-4520-8465-0A7805437E2C}.Static_Test|Mixed Platforms.ActiveCfg = Release|Win32
		{71E81620-9DA2-4520-8465-0A7805437E2C}.Static_Test|Mixed Platforms.Build.0 = Release|Win32
		{71E81620-9DA2-4520-8465-0A7805437E2C}.Static_Test|Win32.ActiveCfg = Release|Win32
		{71E81620-9DA2-4520-8465-0A7805437E2C}.Static_Test|Win32.Build.0 = Release|Win32
		{71E81620-9DA2-4520-8465-0A7805437E2C}.Static_Test|x64.ActiveCfg = Release|x64
		{71E81620-9DA2-4520-8465-0A7805437E2C}.Static_Test|x64.Build.0 = Release|x64
		{71E81620-9DA2-4520-8465-0A7805437E2C}.Static_Test|x86.ActiveCfg = Release|Win32
		{71E81620-9DA2-4520-8465-0A7805437E2C}.Static_Test|x86.Build.0 = Release|Win32
	EndGlobalSection
	GlobalSection(SolutionProperties) = preSolution
		HideSolutionNode = FALSE
	EndGlobalSection
	GlobalSection(NestedProjects) = preSolution
		{574B08CE-CCB9-4DF1-AD61-8CDABBB28CA2} = {02723CBA-5F3A-4BA7-8A4E-782744B0799D}
		{FDDCBA31-1C6A-4894-B03A-02A141A0DF8A} = {02723CBA-5F3A-4BA7-8A4E-782744B0799D}
	EndGlobalSection
EndGlobal
